// !$*UTF8*$!
{
	archiveVersion = 1;
	classes = {
	};
	objectVersion = 50;
	objects = {

/* Begin PBXBuildFile section */
		20243539216AF37400617821 /* MoreViewController.m in Sources */ = {isa = PBXBuildFile; fileRef = 20243538216AF37400617821 /* MoreViewController.m */; };
		2024353C216AF8B300617821 /* MoreTableViewController.m in Sources */ = {isa = PBXBuildFile; fileRef = 2024353B216AF8B300617821 /* MoreTableViewController.m */; };
		20A01591216A321E0082425D /* XIBTableViewCell.m in Sources */ = {isa = PBXBuildFile; fileRef = 20A0158F216A321E0082425D /* XIBTableViewCell.m */; };
		20A01592216A321E0082425D /* XIBTableViewCell.xib in Resources */ = {isa = PBXBuildFile; fileRef = 20A01590216A321E0082425D /* XIBTableViewCell.xib */; };
		20A01597216A51FC0082425D /* XibTestViewController.m in Sources */ = {isa = PBXBuildFile; fileRef = 20A01596216A51FC0082425D /* XibTestViewController.m */; };
		20A0159A216A538F0082425D /* MainViewController.m in Sources */ = {isa = PBXBuildFile; fileRef = 20A01599216A538F0082425D /* MainViewController.m */; };
		20A85BF52152248D0005AD62 /* AppDelegate.m in Sources */ = {isa = PBXBuildFile; fileRef = 20A85BF42152248D0005AD62 /* AppDelegate.m */; };
		20A85BF82152248D0005AD62 /* ViewController.m in Sources */ = {isa = PBXBuildFile; fileRef = 20A85BF72152248D0005AD62 /* ViewController.m */; };
		20A85BFD2152248E0005AD62 /* Assets.xcassets in Resources */ = {isa = PBXBuildFile; fileRef = 20A85BFC2152248E0005AD62 /* Assets.xcassets */; };
		20A85C032152248E0005AD62 /* main.m in Sources */ = {isa = PBXBuildFile; fileRef = 20A85C022152248E0005AD62 /* main.m */; };
		20A85C0D2152248E0005AD62 /* AnimatedDemoTests.m in Sources */ = {isa = PBXBuildFile; fileRef = 20A85C0C2152248E0005AD62 /* AnimatedDemoTests.m */; };
		20A85C182152248E0005AD62 /* AnimatedDemoUITests.m in Sources */ = {isa = PBXBuildFile; fileRef = 20A85C172152248E0005AD62 /* AnimatedDemoUITests.m */; };
		20A85C38215224B10005AD62 /* Game.m in Sources */ = {isa = PBXBuildFile; fileRef = 20A85C26215224B10005AD62 /* Game.m */; };
		20A85C39215224B10005AD62 /* TABMethod.m in Sources */ = {isa = PBXBuildFile; fileRef = 20A85C29215224B10005AD62 /* TABMethod.m */; };
		20A85C3A215224B10005AD62 /* UITableView+Animated.m in Sources */ = {isa = PBXBuildFile; fileRef = 20A85C2A215224B10005AD62 /* UITableView+Animated.m */; };
		20A85C3B215224B10005AD62 /* TABViewAnimated.m in Sources */ = {isa = PBXBuildFile; fileRef = 20A85C2B215224B10005AD62 /* TABViewAnimated.m */; };
		20A85C3C215224B10005AD62 /* UIView+Animated.m in Sources */ = {isa = PBXBuildFile; fileRef = 20A85C2C215224B10005AD62 /* UIView+Animated.m */; };
		20A85C3D215224B10005AD62 /* TestViewController.m in Sources */ = {isa = PBXBuildFile; fileRef = 20A85C33215224B10005AD62 /* TestViewController.m */; };
		20A85C3E215224B10005AD62 /* TestTableViewCell.m in Sources */ = {isa = PBXBuildFile; fileRef = 20A85C36215224B10005AD62 /* TestTableViewCell.m */; };
		20BFBBA12153F3FF00136258 /* TestHeadView.m in Sources */ = {isa = PBXBuildFile; fileRef = 20BFBBA02153F3FF00136258 /* TestHeadView.m */; };
		20BFBBA32153FB5300136258 /* head.jpg in Resources */ = {isa = PBXBuildFile; fileRef = 20BFBBA22153FB5300136258 /* head.jpg */; };
		20BFBBA72154D3D800136258 /* test.jpg in Resources */ = {isa = PBXBuildFile; fileRef = 20BFBBA62154D3D800136258 /* test.jpg */; };
		20BFBBAD215502E800136258 /* UITableViewCell+Animated.m in Sources */ = {isa = PBXBuildFile; fileRef = 20BFBBAC215502E800136258 /* UITableViewCell+Animated.m */; };
		20BFBBB02155036300136258 /* UIView+TABLayerout.m in Sources */ = {isa = PBXBuildFile; fileRef = 20BFBBAF2155036300136258 /* UIView+TABLayerout.m */; };
		20BFBFF12170D37B001887A9 /* UICollectionView+Animated.m in Sources */ = {isa = PBXBuildFile; fileRef = 20BFBFF02170D37B001887A9 /* UICollectionView+Animated.m */; };
		20BFBFF42170D647001887A9 /* TestCollectionViewController.m in Sources */ = {isa = PBXBuildFile; fileRef = 20BFBFF32170D647001887A9 /* TestCollectionViewController.m */; };
		20BFBFF72170D87A001887A9 /* UICollectionViewCell+Animated.m in Sources */ = {isa = PBXBuildFile; fileRef = 20BFBFF62170D87A001887A9 /* UICollectionViewCell+Animated.m */; };
		20BFBFFA2170D912001887A9 /* TestCollectionViewCell.m in Sources */ = {isa = PBXBuildFile; fileRef = 20BFBFF92170D912001887A9 /* TestCollectionViewCell.m */; };
/* End PBXBuildFile section */

/* Begin PBXContainerItemProxy section */
		20A85C092152248E0005AD62 /* PBXContainerItemProxy */ = {
			isa = PBXContainerItemProxy;
			containerPortal = 20A85BE82152248D0005AD62 /* Project object */;
			proxyType = 1;
			remoteGlobalIDString = 20A85BEF2152248D0005AD62;
			remoteInfo = AnimatedDemo;
		};
		20A85C142152248E0005AD62 /* PBXContainerItemProxy */ = {
			isa = PBXContainerItemProxy;
			containerPortal = 20A85BE82152248D0005AD62 /* Project object */;
			proxyType = 1;
			remoteGlobalIDString = 20A85BEF2152248D0005AD62;
			remoteInfo = AnimatedDemo;
		};
/* End PBXContainerItemProxy section */

/* Begin PBXFileReference section */
		20243537216AF37400617821 /* MoreViewController.h */ = {isa = PBXFileReference; lastKnownFileType = sourcecode.c.h; path = MoreViewController.h; sourceTree = "<group>"; };
		20243538216AF37400617821 /* MoreViewController.m */ = {isa = PBXFileReference; lastKnownFileType = sourcecode.c.objc; path = MoreViewController.m; sourceTree = "<group>"; };
		2024353A216AF8B300617821 /* MoreTableViewController.h */ = {isa = PBXFileReference; lastKnownFileType = sourcecode.c.h; path = MoreTableViewController.h; sourceTree = "<group>"; };
		2024353B216AF8B300617821 /* MoreTableViewController.m */ = {isa = PBXFileReference; lastKnownFileType = sourcecode.c.objc; path = MoreTableViewController.m; sourceTree = "<group>"; };
		20A0158E216A321E0082425D /* XIBTableViewCell.h */ = {isa = PBXFileReference; lastKnownFileType = sourcecode.c.h; path = XIBTableViewCell.h; sourceTree = "<group>"; };
		20A0158F216A321E0082425D /* XIBTableViewCell.m */ = {isa = PBXFileReference; lastKnownFileType = sourcecode.c.objc; path = XIBTableViewCell.m; sourceTree = "<group>"; };
		20A01590216A321E0082425D /* XIBTableViewCell.xib */ = {isa = PBXFileReference; lastKnownFileType = file.xib; path = XIBTableViewCell.xib; sourceTree = "<group>"; };
		20A01595216A51FC0082425D /* XibTestViewController.h */ = {isa = PBXFileReference; lastKnownFileType = sourcecode.c.h; path = XibTestViewController.h; sourceTree = "<group>"; };
		20A01596216A51FC0082425D /* XibTestViewController.m */ = {isa = PBXFileReference; lastKnownFileType = sourcecode.c.objc; path = XibTestViewController.m; sourceTree = "<group>"; };
		20A01598216A538F0082425D /* MainViewController.h */ = {isa = PBXFileReference; lastKnownFileType = sourcecode.c.h; path = MainViewController.h; sourceTree = "<group>"; };
		20A01599216A538F0082425D /* MainViewController.m */ = {isa = PBXFileReference; lastKnownFileType = sourcecode.c.objc; path = MainViewController.m; sourceTree = "<group>"; };
		20A85BF02152248D0005AD62 /* AnimatedDemo.app */ = {isa = PBXFileReference; explicitFileType = wrapper.application; includeInIndex = 0; path = AnimatedDemo.app; sourceTree = BUILT_PRODUCTS_DIR; };
		20A85BF32152248D0005AD62 /* AppDelegate.h */ = {isa = PBXFileReference; lastKnownFileType = sourcecode.c.h; path = AppDelegate.h; sourceTree = "<group>"; };
		20A85BF42152248D0005AD62 /* AppDelegate.m */ = {isa = PBXFileReference; lastKnownFileType = sourcecode.c.objc; path = AppDelegate.m; sourceTree = "<group>"; };
		20A85BF62152248D0005AD62 /* ViewController.h */ = {isa = PBXFileReference; lastKnownFileType = sourcecode.c.h; path = ViewController.h; sourceTree = "<group>"; };
		20A85BF72152248D0005AD62 /* ViewController.m */ = {isa = PBXFileReference; lastKnownFileType = sourcecode.c.objc; path = ViewController.m; sourceTree = "<group>"; };
		20A85BFC2152248E0005AD62 /* Assets.xcassets */ = {isa = PBXFileReference; lastKnownFileType = folder.assetcatalog; path = Assets.xcassets; sourceTree = "<group>"; };
		20A85C012152248E0005AD62 /* Info.plist */ = {isa = PBXFileReference; lastKnownFileType = text.plist.xml; path = Info.plist; sourceTree = "<group>"; };
		20A85C022152248E0005AD62 /* main.m */ = {isa = PBXFileReference; lastKnownFileType = sourcecode.c.objc; path = main.m; sourceTree = "<group>"; };
		20A85C082152248E0005AD62 /* AnimatedDemoTests.xctest */ = {isa = PBXFileReference; explicitFileType = wrapper.cfbundle; includeInIndex = 0; path = AnimatedDemoTests.xctest; sourceTree = BUILT_PRODUCTS_DIR; };
		20A85C0C2152248E0005AD62 /* AnimatedDemoTests.m */ = {isa = PBXFileReference; lastKnownFileType = sourcecode.c.objc; path = AnimatedDemoTests.m; sourceTree = "<group>"; };
		20A85C0E2152248E0005AD62 /* Info.plist */ = {isa = PBXFileReference; lastKnownFileType = text.plist.xml; path = Info.plist; sourceTree = "<group>"; };
		20A85C132152248E0005AD62 /* AnimatedDemoUITests.xctest */ = {isa = PBXFileReference; explicitFileType = wrapper.cfbundle; includeInIndex = 0; path = AnimatedDemoUITests.xctest; sourceTree = BUILT_PRODUCTS_DIR; };
		20A85C172152248E0005AD62 /* AnimatedDemoUITests.m */ = {isa = PBXFileReference; lastKnownFileType = sourcecode.c.objc; path = AnimatedDemoUITests.m; sourceTree = "<group>"; };
		20A85C192152248E0005AD62 /* Info.plist */ = {isa = PBXFileReference; lastKnownFileType = text.plist.xml; path = Info.plist; sourceTree = "<group>"; };
		20A85C26215224B10005AD62 /* Game.m */ = {isa = PBXFileReference; fileEncoding = 4; lastKnownFileType = sourcecode.c.objc; path = Game.m; sourceTree = "<group>"; };
		20A85C27215224B10005AD62 /* Game.h */ = {isa = PBXFileReference; fileEncoding = 4; lastKnownFileType = sourcecode.c.h; path = Game.h; sourceTree = "<group>"; };
		20A85C29215224B10005AD62 /* TABMethod.m */ = {isa = PBXFileReference; fileEncoding = 4; lastKnownFileType = sourcecode.c.objc; path = TABMethod.m; sourceTree = "<group>"; };
		20A85C2A215224B10005AD62 /* UITableView+Animated.m */ = {isa = PBXFileReference; fileEncoding = 4; lastKnownFileType = sourcecode.c.objc; path = "UITableView+Animated.m"; sourceTree = "<group>"; };
		20A85C2B215224B10005AD62 /* TABViewAnimated.m */ = {isa = PBXFileReference; fileEncoding = 4; lastKnownFileType = sourcecode.c.objc; path = TABViewAnimated.m; sourceTree = "<group>"; };
		20A85C2C215224B10005AD62 /* UIView+Animated.m */ = {isa = PBXFileReference; fileEncoding = 4; lastKnownFileType = sourcecode.c.objc; path = "UIView+Animated.m"; sourceTree = "<group>"; };
		20A85C2D215224B10005AD62 /* TABMethod.h */ = {isa = PBXFileReference; fileEncoding = 4; lastKnownFileType = sourcecode.c.h; path = TABMethod.h; sourceTree = "<group>"; };
		20A85C2E215224B10005AD62 /* UITableView+Animated.h */ = {isa = PBXFileReference; fileEncoding = 4; lastKnownFileType = sourcecode.c.h; path = "UITableView+Animated.h"; sourceTree = "<group>"; };
		20A85C2F215224B10005AD62 /* TABAnimated.h */ = {isa = PBXFileReference; fileEncoding = 4; lastKnownFileType = sourcecode.c.h; path = TABAnimated.h; sourceTree = "<group>"; };
		20A85C30215224B10005AD62 /* UIView+Animated.h */ = {isa = PBXFileReference; fileEncoding = 4; lastKnownFileType = sourcecode.c.h; path = "UIView+Animated.h"; sourceTree = "<group>"; };
		20A85C31215224B10005AD62 /* TABViewAnimated.h */ = {isa = PBXFileReference; fileEncoding = 4; lastKnownFileType = sourcecode.c.h; path = TABViewAnimated.h; sourceTree = "<group>"; };
		20A85C33215224B10005AD62 /* TestViewController.m */ = {isa = PBXFileReference; fileEncoding = 4; lastKnownFileType = sourcecode.c.objc; path = TestViewController.m; sourceTree = "<group>"; };
		20A85C34215224B10005AD62 /* TestViewController.h */ = {isa = PBXFileReference; fileEncoding = 4; lastKnownFileType = sourcecode.c.h; path = TestViewController.h; sourceTree = "<group>"; };
		20A85C36215224B10005AD62 /* TestTableViewCell.m */ = {isa = PBXFileReference; fileEncoding = 4; lastKnownFileType = sourcecode.c.objc; path = TestTableViewCell.m; sourceTree = "<group>"; };
		20A85C37215224B10005AD62 /* TestTableViewCell.h */ = {isa = PBXFileReference; fileEncoding = 4; lastKnownFileType = sourcecode.c.h; path = TestTableViewCell.h; sourceTree = "<group>"; };
		20BFBB9F2153F3FF00136258 /* TestHeadView.h */ = {isa = PBXFileReference; lastKnownFileType = sourcecode.c.h; path = TestHeadView.h; sourceTree = "<group>"; };
		20BFBBA02153F3FF00136258 /* TestHeadView.m */ = {isa = PBXFileReference; lastKnownFileType = sourcecode.c.objc; path = TestHeadView.m; sourceTree = "<group>"; };
		20BFBBA22153FB5300136258 /* head.jpg */ = {isa = PBXFileReference; lastKnownFileType = image.jpeg; path = head.jpg; sourceTree = "<group>"; };
		20BFBBA62154D3D800136258 /* test.jpg */ = {isa = PBXFileReference; lastKnownFileType = image.jpeg; path = test.jpg; sourceTree = "<group>"; };
		20BFBBAB215502E800136258 /* UITableViewCell+Animated.h */ = {isa = PBXFileReference; fileEncoding = 4; lastKnownFileType = sourcecode.c.h; path = "UITableViewCell+Animated.h"; sourceTree = "<group>"; };
		20BFBBAC215502E800136258 /* UITableViewCell+Animated.m */ = {isa = PBXFileReference; fileEncoding = 4; lastKnownFileType = sourcecode.c.objc; path = "UITableViewCell+Animated.m"; sourceTree = "<group>"; };
		20BFBBAE2155036300136258 /* UIView+TABLayerout.h */ = {isa = PBXFileReference; lastKnownFileType = sourcecode.c.h; path = "UIView+TABLayerout.h"; sourceTree = "<group>"; };
		20BFBBAF2155036300136258 /* UIView+TABLayerout.m */ = {isa = PBXFileReference; lastKnownFileType = sourcecode.c.objc; path = "UIView+TABLayerout.m"; sourceTree = "<group>"; };
		20BFBFEF2170D37B001887A9 /* UICollectionView+Animated.h */ = {isa = PBXFileReference; lastKnownFileType = sourcecode.c.h; path = "UICollectionView+Animated.h"; sourceTree = "<group>"; };
		20BFBFF02170D37B001887A9 /* UICollectionView+Animated.m */ = {isa = PBXFileReference; lastKnownFileType = sourcecode.c.objc; path = "UICollectionView+Animated.m"; sourceTree = "<group>"; };
		20BFBFF22170D647001887A9 /* TestCollectionViewController.h */ = {isa = PBXFileReference; lastKnownFileType = sourcecode.c.h; path = TestCollectionViewController.h; sourceTree = "<group>"; };
		20BFBFF32170D647001887A9 /* TestCollectionViewController.m */ = {isa = PBXFileReference; lastKnownFileType = sourcecode.c.objc; path = TestCollectionViewController.m; sourceTree = "<group>"; };
		20BFBFF52170D87A001887A9 /* UICollectionViewCell+Animated.h */ = {isa = PBXFileReference; lastKnownFileType = sourcecode.c.h; path = "UICollectionViewCell+Animated.h"; sourceTree = "<group>"; };
		20BFBFF62170D87A001887A9 /* UICollectionViewCell+Animated.m */ = {isa = PBXFileReference; lastKnownFileType = sourcecode.c.objc; path = "UICollectionViewCell+Animated.m"; sourceTree = "<group>"; };
		20BFBFF82170D912001887A9 /* TestCollectionViewCell.h */ = {isa = PBXFileReference; lastKnownFileType = sourcecode.c.h; path = TestCollectionViewCell.h; sourceTree = "<group>"; };
		20BFBFF92170D912001887A9 /* TestCollectionViewCell.m */ = {isa = PBXFileReference; lastKnownFileType = sourcecode.c.objc; path = TestCollectionViewCell.m; sourceTree = "<group>"; };
/* End PBXFileReference section */

/* Begin PBXFrameworksBuildPhase section */
		20A85BED2152248D0005AD62 /* Frameworks */ = {
			isa = PBXFrameworksBuildPhase;
			buildActionMask = 2147483647;
			files = (
			);
			runOnlyForDeploymentPostprocessing = 0;
		};
		20A85C052152248E0005AD62 /* Frameworks */ = {
			isa = PBXFrameworksBuildPhase;
			buildActionMask = 2147483647;
			files = (
			);
			runOnlyForDeploymentPostprocessing = 0;
		};
		20A85C102152248E0005AD62 /* Frameworks */ = {
			isa = PBXFrameworksBuildPhase;
			buildActionMask = 2147483647;
			files = (
			);
			runOnlyForDeploymentPostprocessing = 0;
		};
/* End PBXFrameworksBuildPhase section */

/* Begin PBXGroup section */
		20A01593216A50540082425D /* XibView */ = {
			isa = PBXGroup;
			children = (
				20A0158E216A321E0082425D /* XIBTableViewCell.h */,
				20A0158F216A321E0082425D /* XIBTableViewCell.m */,
				20A01590216A321E0082425D /* XIBTableViewCell.xib */,
			);
			path = XibView;
			sourceTree = "<group>";
		};
		20A01594216A51A80082425D /* Sources */ = {
			isa = PBXGroup;
			children = (
				20BFBBA22153FB5300136258 /* head.jpg */,
				20BFBBA62154D3D800136258 /* test.jpg */,
			);
			path = Sources;
			sourceTree = "<group>";
		};
		20A85BE72152248D0005AD62 = {
			isa = PBXGroup;
			children = (
				20A85BF22152248D0005AD62 /* AnimatedDemo */,
				20A85C0B2152248E0005AD62 /* AnimatedDemoTests */,
				20A85C162152248E0005AD62 /* AnimatedDemoUITests */,
				20A85BF12152248D0005AD62 /* Products */,
			);
			sourceTree = "<group>";
		};
		20A85BF12152248D0005AD62 /* Products */ = {
			isa = PBXGroup;
			children = (
				20A85BF02152248D0005AD62 /* AnimatedDemo.app */,
				20A85C082152248E0005AD62 /* AnimatedDemoTests.xctest */,
				20A85C132152248E0005AD62 /* AnimatedDemoUITests.xctest */,
			);
			name = Products;
			sourceTree = "<group>";
		};
		20A85BF22152248D0005AD62 /* AnimatedDemo */ = {
			isa = PBXGroup;
			children = (
				20A01594216A51A80082425D /* Sources */,
				20A85C25215224B10005AD62 /* Model */,
				20A85C28215224B10005AD62 /* TABAnimated */,
				20A85C32215224B10005AD62 /* ViewController */,
				20A85BF32152248D0005AD62 /* AppDelegate.h */,
				20A85BF42152248D0005AD62 /* AppDelegate.m */,
				20A85BF62152248D0005AD62 /* ViewController.h */,
				20A85BF72152248D0005AD62 /* ViewController.m */,
				20A85BFC2152248E0005AD62 /* Assets.xcassets */,
				20A85C012152248E0005AD62 /* Info.plist */,
				20A85C022152248E0005AD62 /* main.m */,
			);
			path = AnimatedDemo;
			sourceTree = "<group>";
		};
		20A85C0B2152248E0005AD62 /* AnimatedDemoTests */ = {
			isa = PBXGroup;
			children = (
				20A85C0C2152248E0005AD62 /* AnimatedDemoTests.m */,
				20A85C0E2152248E0005AD62 /* Info.plist */,
			);
			path = AnimatedDemoTests;
			sourceTree = "<group>";
		};
		20A85C162152248E0005AD62 /* AnimatedDemoUITests */ = {
			isa = PBXGroup;
			children = (
				20A85C172152248E0005AD62 /* AnimatedDemoUITests.m */,
				20A85C192152248E0005AD62 /* Info.plist */,
			);
			path = AnimatedDemoUITests;
			sourceTree = "<group>";
		};
		20A85C25215224B10005AD62 /* Model */ = {
			isa = PBXGroup;
			children = (
				20A85C27215224B10005AD62 /* Game.h */,
				20A85C26215224B10005AD62 /* Game.m */,
			);
			path = Model;
			sourceTree = "<group>";
		};
		20A85C28215224B10005AD62 /* TABAnimated */ = {
			isa = PBXGroup;
			children = (
				20A85C2F215224B10005AD62 /* TABAnimated.h */,
				20A85C2D215224B10005AD62 /* TABMethod.h */,
				20A85C29215224B10005AD62 /* TABMethod.m */,
				20A85C31215224B10005AD62 /* TABViewAnimated.h */,
				20A85C2B215224B10005AD62 /* TABViewAnimated.m */,
				20A85C2E215224B10005AD62 /* UITableView+Animated.h */,
				20A85C2A215224B10005AD62 /* UITableView+Animated.m */,
				20BFBFEF2170D37B001887A9 /* UICollectionView+Animated.h */,
				20BFBFF02170D37B001887A9 /* UICollectionView+Animated.m */,
				20BFBBAB215502E800136258 /* UITableViewCell+Animated.h */,
				20BFBBAC215502E800136258 /* UITableViewCell+Animated.m */,
				20BFBFF52170D87A001887A9 /* UICollectionViewCell+Animated.h */,
				20BFBFF62170D87A001887A9 /* UICollectionViewCell+Animated.m */,
				20A85C30215224B10005AD62 /* UIView+Animated.h */,
				20A85C2C215224B10005AD62 /* UIView+Animated.m */,
				20BFBBAE2155036300136258 /* UIView+TABLayerout.h */,
				20BFBBAF2155036300136258 /* UIView+TABLayerout.m */,
			);
			path = TABAnimated;
			sourceTree = "<group>";
		};
		20A85C32215224B10005AD62 /* ViewController */ = {
			isa = PBXGroup;
			children = (
				20A01593216A50540082425D /* XibView */,
				20A85C35215224B10005AD62 /* CustomView */,
				20A01598216A538F0082425D /* MainViewController.h */,
				20A01599216A538F0082425D /* MainViewController.m */,
				20A85C34215224B10005AD62 /* TestViewController.h */,
				20A85C33215224B10005AD62 /* TestViewController.m */,
				20A01595216A51FC0082425D /* XibTestViewController.h */,
				20A01596216A51FC0082425D /* XibTestViewController.m */,
				20243537216AF37400617821 /* MoreViewController.h */,
				20243538216AF37400617821 /* MoreViewController.m */,
				2024353A216AF8B300617821 /* MoreTableViewController.h */,
				2024353B216AF8B300617821 /* MoreTableViewController.m */,
				20BFBFF22170D647001887A9 /* TestCollectionViewController.h */,
				20BFBFF32170D647001887A9 /* TestCollectionViewController.m */,
			);
			path = ViewController;
			sourceTree = "<group>";
		};
		20A85C35215224B10005AD62 /* CustomView */ = {
			isa = PBXGroup;
			children = (
				20A85C37215224B10005AD62 /* TestTableViewCell.h */,
				20A85C36215224B10005AD62 /* TestTableViewCell.m */,
				20BFBB9F2153F3FF00136258 /* TestHeadView.h */,
				20BFBBA02153F3FF00136258 /* TestHeadView.m */,
				20BFBFF82170D912001887A9 /* TestCollectionViewCell.h */,
				20BFBFF92170D912001887A9 /* TestCollectionViewCell.m */,
			);
			path = CustomView;
			sourceTree = "<group>";
		};
/* End PBXGroup section */

/* Begin PBXNativeTarget section */
		20A85BEF2152248D0005AD62 /* AnimatedDemo */ = {
			isa = PBXNativeTarget;
			buildConfigurationList = 20A85C1C2152248E0005AD62 /* Build configuration list for PBXNativeTarget "AnimatedDemo" */;
			buildPhases = (
				20A85BEC2152248D0005AD62 /* Sources */,
				20A85BED2152248D0005AD62 /* Frameworks */,
				20A85BEE2152248D0005AD62 /* Resources */,
			);
			buildRules = (
			);
			dependencies = (
			);
			name = AnimatedDemo;
			productName = AnimatedDemo;
			productReference = 20A85BF02152248D0005AD62 /* AnimatedDemo.app */;
			productType = "com.apple.product-type.application";
		};
		20A85C072152248E0005AD62 /* AnimatedDemoTests */ = {
			isa = PBXNativeTarget;
			buildConfigurationList = 20A85C1F2152248E0005AD62 /* Build configuration list for PBXNativeTarget "AnimatedDemoTests" */;
			buildPhases = (
				20A85C042152248E0005AD62 /* Sources */,
				20A85C052152248E0005AD62 /* Frameworks */,
				20A85C062152248E0005AD62 /* Resources */,
			);
			buildRules = (
			);
			dependencies = (
				20A85C0A2152248E0005AD62 /* PBXTargetDependency */,
			);
			name = AnimatedDemoTests;
			productName = AnimatedDemoTests;
			productReference = 20A85C082152248E0005AD62 /* AnimatedDemoTests.xctest */;
			productType = "com.apple.product-type.bundle.unit-test";
		};
		20A85C122152248E0005AD62 /* AnimatedDemoUITests */ = {
			isa = PBXNativeTarget;
			buildConfigurationList = 20A85C222152248E0005AD62 /* Build configuration list for PBXNativeTarget "AnimatedDemoUITests" */;
			buildPhases = (
				20A85C0F2152248E0005AD62 /* Sources */,
				20A85C102152248E0005AD62 /* Frameworks */,
				20A85C112152248E0005AD62 /* Resources */,
			);
			buildRules = (
			);
			dependencies = (
				20A85C152152248E0005AD62 /* PBXTargetDependency */,
			);
			name = AnimatedDemoUITests;
			productName = AnimatedDemoUITests;
			productReference = 20A85C132152248E0005AD62 /* AnimatedDemoUITests.xctest */;
			productType = "com.apple.product-type.bundle.ui-testing";
		};
/* End PBXNativeTarget section */

/* Begin PBXProject section */
		20A85BE82152248D0005AD62 /* Project object */ = {
			isa = PBXProject;
			attributes = {
				LastUpgradeCheck = 1000;
				ORGANIZATIONNAME = tigerAndBull;
				TargetAttributes = {
					20A85BEF2152248D0005AD62 = {
						CreatedOnToolsVersion = 10.0;
					};
					20A85C072152248E0005AD62 = {
						CreatedOnToolsVersion = 10.0;
						TestTargetID = 20A85BEF2152248D0005AD62;
					};
					20A85C122152248E0005AD62 = {
						CreatedOnToolsVersion = 10.0;
						TestTargetID = 20A85BEF2152248D0005AD62;
					};
				};
			};
			buildConfigurationList = 20A85BEB2152248D0005AD62 /* Build configuration list for PBXProject "AnimatedDemo" */;
			compatibilityVersion = "Xcode 9.3";
			developmentRegion = en;
			hasScannedForEncodings = 0;
			knownRegions = (
				en,
				Base,
			);
			mainGroup = 20A85BE72152248D0005AD62;
			productRefGroup = 20A85BF12152248D0005AD62 /* Products */;
			projectDirPath = "";
			projectRoot = "";
			targets = (
				20A85BEF2152248D0005AD62 /* AnimatedDemo */,
				20A85C072152248E0005AD62 /* AnimatedDemoTests */,
				20A85C122152248E0005AD62 /* AnimatedDemoUITests */,
			);
		};
/* End PBXProject section */

/* Begin PBXResourcesBuildPhase section */
		20A85BEE2152248D0005AD62 /* Resources */ = {
			isa = PBXResourcesBuildPhase;
			buildActionMask = 2147483647;
			files = (
				20BFBBA32153FB5300136258 /* head.jpg in Resources */,
				20BFBBA72154D3D800136258 /* test.jpg in Resources */,
				20A85BFD2152248E0005AD62 /* Assets.xcassets in Resources */,
				20A01592216A321E0082425D /* XIBTableViewCell.xib in Resources */,
			);
			runOnlyForDeploymentPostprocessing = 0;
		};
		20A85C062152248E0005AD62 /* Resources */ = {
			isa = PBXResourcesBuildPhase;
			buildActionMask = 2147483647;
			files = (
			);
			runOnlyForDeploymentPostprocessing = 0;
		};
		20A85C112152248E0005AD62 /* Resources */ = {
			isa = PBXResourcesBuildPhase;
			buildActionMask = 2147483647;
			files = (
			);
			runOnlyForDeploymentPostprocessing = 0;
		};
/* End PBXResourcesBuildPhase section */

/* Begin PBXSourcesBuildPhase section */
		20A85BEC2152248D0005AD62 /* Sources */ = {
			isa = PBXSourcesBuildPhase;
			buildActionMask = 2147483647;
			files = (
				20BFBBAD215502E800136258 /* UITableViewCell+Animated.m in Sources */,
				20A85BF82152248D0005AD62 /* ViewController.m in Sources */,
				20A85C3E215224B10005AD62 /* TestTableViewCell.m in Sources */,
				20BFBFF72170D87A001887A9 /* UICollectionViewCell+Animated.m in Sources */,
				20A0159A216A538F0082425D /* MainViewController.m in Sources */,
				20A01591216A321E0082425D /* XIBTableViewCell.m in Sources */,
				20A85C39215224B10005AD62 /* TABMethod.m in Sources */,
				20BFBBB02155036300136258 /* UIView+TABLayerout.m in Sources */,
				20A85C3A215224B10005AD62 /* UITableView+Animated.m in Sources */,
				20BFBFF12170D37B001887A9 /* UICollectionView+Animated.m in Sources */,
				20A85C3C215224B10005AD62 /* UIView+Animated.m in Sources */,
				20243539216AF37400617821 /* MoreViewController.m in Sources */,
				20A85C3B215224B10005AD62 /* TABViewAnimated.m in Sources */,
				20BFBBA12153F3FF00136258 /* TestHeadView.m in Sources */,
				20A01597216A51FC0082425D /* XibTestViewController.m in Sources */,
				20A85C032152248E0005AD62 /* main.m in Sources */,
				20A85C3D215224B10005AD62 /* TestViewController.m in Sources */,
				20BFBFF42170D647001887A9 /* TestCollectionViewController.m in Sources */,
				20A85BF52152248D0005AD62 /* AppDelegate.m in Sources */,
				2024353C216AF8B300617821 /* MoreTableViewController.m in Sources */,
				20BFBFFA2170D912001887A9 /* TestCollectionViewCell.m in Sources */,
				20A85C38215224B10005AD62 /* Game.m in Sources */,
			);
			runOnlyForDeploymentPostprocessing = 0;
		};
		20A85C042152248E0005AD62 /* Sources */ = {
			isa = PBXSourcesBuildPhase;
			buildActionMask = 2147483647;
			files = (
				20A85C0D2152248E0005AD62 /* AnimatedDemoTests.m in Sources */,
			);
			runOnlyForDeploymentPostprocessing = 0;
		};
		20A85C0F2152248E0005AD62 /* Sources */ = {
			isa = PBXSourcesBuildPhase;
			buildActionMask = 2147483647;
			files = (
				20A85C182152248E0005AD62 /* AnimatedDemoUITests.m in Sources */,
			);
			runOnlyForDeploymentPostprocessing = 0;
		};
/* End PBXSourcesBuildPhase section */

/* Begin PBXTargetDependency section */
		20A85C0A2152248E0005AD62 /* PBXTargetDependency */ = {
			isa = PBXTargetDependency;
			target = 20A85BEF2152248D0005AD62 /* AnimatedDemo */;
			targetProxy = 20A85C092152248E0005AD62 /* PBXContainerItemProxy */;
		};
		20A85C152152248E0005AD62 /* PBXTargetDependency */ = {
			isa = PBXTargetDependency;
			target = 20A85BEF2152248D0005AD62 /* AnimatedDemo */;
			targetProxy = 20A85C142152248E0005AD62 /* PBXContainerItemProxy */;
		};
/* End PBXTargetDependency section */

/* Begin XCBuildConfiguration section */
		20A85C1A2152248E0005AD62 /* Debug */ = {
			isa = XCBuildConfiguration;
			buildSettings = {
				ALWAYS_SEARCH_USER_PATHS = NO;
				CLANG_ANALYZER_NONNULL = YES;
				CLANG_ANALYZER_NUMBER_OBJECT_CONVERSION = YES_AGGRESSIVE;
				CLANG_CXX_LANGUAGE_STANDARD = "gnu++14";
				CLANG_CXX_LIBRARY = "libc++";
				CLANG_ENABLE_MODULES = YES;
				CLANG_ENABLE_OBJC_ARC = YES;
				CLANG_ENABLE_OBJC_WEAK = YES;
				CLANG_WARN_BLOCK_CAPTURE_AUTORELEASING = YES;
				CLANG_WARN_BOOL_CONVERSION = YES;
				CLANG_WARN_COMMA = YES;
				CLANG_WARN_CONSTANT_CONVERSION = YES;
				CLANG_WARN_DEPRECATED_OBJC_IMPLEMENTATIONS = YES;
				CLANG_WARN_DIRECT_OBJC_ISA_USAGE = YES_ERROR;
				CLANG_WARN_DOCUMENTATION_COMMENTS = YES;
				CLANG_WARN_EMPTY_BODY = YES;
				CLANG_WARN_ENUM_CONVERSION = YES;
				CLANG_WARN_INFINITE_RECURSION = YES;
				CLANG_WARN_INT_CONVERSION = YES;
				CLANG_WARN_NON_LITERAL_NULL_CONVERSION = YES;
				CLANG_WARN_OBJC_IMPLICIT_RETAIN_SELF = YES;
				CLANG_WARN_OBJC_LITERAL_CONVERSION = YES;
				CLANG_WARN_OBJC_ROOT_CLASS = YES_ERROR;
				CLANG_WARN_RANGE_LOOP_ANALYSIS = YES;
				CLANG_WARN_STRICT_PROTOTYPES = YES;
				CLANG_WARN_SUSPICIOUS_MOVE = YES;
				CLANG_WARN_UNGUARDED_AVAILABILITY = YES_AGGRESSIVE;
				CLANG_WARN_UNREACHABLE_CODE = YES;
				CLANG_WARN__DUPLICATE_METHOD_MATCH = YES;
				CODE_SIGN_IDENTITY = "iPhone Developer";
				COPY_PHASE_STRIP = NO;
				DEBUG_INFORMATION_FORMAT = dwarf;
				ENABLE_STRICT_OBJC_MSGSEND = YES;
				ENABLE_TESTABILITY = YES;
				GCC_C_LANGUAGE_STANDARD = gnu11;
				GCC_DYNAMIC_NO_PIC = NO;
				GCC_NO_COMMON_BLOCKS = YES;
				GCC_OPTIMIZATION_LEVEL = 0;
				GCC_PREPROCESSOR_DEFINITIONS = (
					"DEBUG=1",
					"$(inherited)",
				);
				GCC_WARN_64_TO_32_BIT_CONVERSION = YES;
				GCC_WARN_ABOUT_RETURN_TYPE = YES_ERROR;
				GCC_WARN_UNDECLARED_SELECTOR = YES;
				GCC_WARN_UNINITIALIZED_AUTOS = YES_AGGRESSIVE;
				GCC_WARN_UNUSED_FUNCTION = YES;
				GCC_WARN_UNUSED_VARIABLE = YES;
				IPHONEOS_DEPLOYMENT_TARGET = 8.0;
				MTL_ENABLE_DEBUG_INFO = INCLUDE_SOURCE;
				MTL_FAST_MATH = YES;
				ONLY_ACTIVE_ARCH = YES;
				SDKROOT = iphoneos;
			};
			name = Debug;
		};
		20A85C1B2152248E0005AD62 /* Release */ = {
			isa = XCBuildConfiguration;
			buildSettings = {
				ALWAYS_SEARCH_USER_PATHS = NO;
				CLANG_ANALYZER_NONNULL = YES;
				CLANG_ANALYZER_NUMBER_OBJECT_CONVERSION = YES_AGGRESSIVE;
				CLANG_CXX_LANGUAGE_STANDARD = "gnu++14";
				CLANG_CXX_LIBRARY = "libc++";
				CLANG_ENABLE_MODULES = YES;
				CLANG_ENABLE_OBJC_ARC = YES;
				CLANG_ENABLE_OBJC_WEAK = YES;
				CLANG_WARN_BLOCK_CAPTURE_AUTORELEASING = YES;
				CLANG_WARN_BOOL_CONVERSION = YES;
				CLANG_WARN_COMMA = YES;
				CLANG_WARN_CONSTANT_CONVERSION = YES;
				CLANG_WARN_DEPRECATED_OBJC_IMPLEMENTATIONS = YES;
				CLANG_WARN_DIRECT_OBJC_ISA_USAGE = YES_ERROR;
				CLANG_WARN_DOCUMENTATION_COMMENTS = YES;
				CLANG_WARN_EMPTY_BODY = YES;
				CLANG_WARN_ENUM_CONVERSION = YES;
				CLANG_WARN_INFINITE_RECURSION = YES;
				CLANG_WARN_INT_CONVERSION = YES;
				CLANG_WARN_NON_LITERAL_NULL_CONVERSION = YES;
				CLANG_WARN_OBJC_IMPLICIT_RETAIN_SELF = YES;
				CLANG_WARN_OBJC_LITERAL_CONVERSION = YES;
				CLANG_WARN_OBJC_ROOT_CLASS = YES_ERROR;
				CLANG_WARN_RANGE_LOOP_ANALYSIS = YES;
				CLANG_WARN_STRICT_PROTOTYPES = YES;
				CLANG_WARN_SUSPICIOUS_MOVE = YES;
				CLANG_WARN_UNGUARDED_AVAILABILITY = YES_AGGRESSIVE;
				CLANG_WARN_UNREACHABLE_CODE = YES;
				CLANG_WARN__DUPLICATE_METHOD_MATCH = YES;
				CODE_SIGN_IDENTITY = "iPhone Developer";
				COPY_PHASE_STRIP = NO;
				DEBUG_INFORMATION_FORMAT = "dwarf-with-dsym";
				ENABLE_NS_ASSERTIONS = NO;
				ENABLE_STRICT_OBJC_MSGSEND = YES;
				GCC_C_LANGUAGE_STANDARD = gnu11;
				GCC_NO_COMMON_BLOCKS = YES;
				GCC_WARN_64_TO_32_BIT_CONVERSION = YES;
				GCC_WARN_ABOUT_RETURN_TYPE = YES_ERROR;
				GCC_WARN_UNDECLARED_SELECTOR = YES;
				GCC_WARN_UNINITIALIZED_AUTOS = YES_AGGRESSIVE;
				GCC_WARN_UNUSED_FUNCTION = YES;
				GCC_WARN_UNUSED_VARIABLE = YES;
				IPHONEOS_DEPLOYMENT_TARGET = 8.0;
				MTL_ENABLE_DEBUG_INFO = NO;
				MTL_FAST_MATH = YES;
				SDKROOT = iphoneos;
				VALIDATE_PRODUCT = YES;
			};
			name = Release;
		};
		20A85C1D2152248E0005AD62 /* Debug */ = {
			isa = XCBuildConfiguration;
			buildSettings = {
				ASSETCATALOG_COMPILER_APPICON_NAME = AppIcon;
				CODE_SIGN_STYLE = Automatic;
				DEVELOPMENT_TEAM = Y8FL5FHNBB;
				INFOPLIST_FILE = AnimatedDemo/Info.plist;
				IPHONEOS_DEPLOYMENT_TARGET = 9.0;
				LD_RUNPATH_SEARCH_PATHS = (
					"$(inherited)",
					"@executable_path/Frameworks",
				);
				PRODUCT_BUNDLE_IDENTIFIER = com.tigerAndBull.AnimatedDemo;
				PRODUCT_NAME = "$(TARGET_NAME)";
				TARGETED_DEVICE_FAMILY = "1,2";
			};
			name = Debug;
		};
		20A85C1E2152248E0005AD62 /* Release */ = {
			isa = XCBuildConfiguration;
			buildSettings = {
				ASSETCATALOG_COMPILER_APPICON_NAME = AppIcon;
				CODE_SIGN_STYLE = Automatic;
				DEVELOPMENT_TEAM = Y8FL5FHNBB;
				INFOPLIST_FILE = AnimatedDemo/Info.plist;
				IPHONEOS_DEPLOYMENT_TARGET = 9.0;
				LD_RUNPATH_SEARCH_PATHS = (
					"$(inherited)",
					"@executable_path/Frameworks",
				);
				PRODUCT_BUNDLE_IDENTIFIER = com.tigerAndBull.AnimatedDemo;
				PRODUCT_NAME = "$(TARGET_NAME)";
				TARGETED_DEVICE_FAMILY = "1,2";
			};
			name = Release;
		};
		20A85C202152248E0005AD62 /* Debug */ = {
			isa = XCBuildConfiguration;
			buildSettings = {
				BUNDLE_LOADER = "$(TEST_HOST)";
				CODE_SIGN_STYLE = Automatic;
				DEVELOPMENT_TEAM = Y8FL5FHNBB;
				INFOPLIST_FILE = AnimatedDemoTests/Info.plist;
				LD_RUNPATH_SEARCH_PATHS = (
					"$(inherited)",
					"@executable_path/Frameworks",
					"@loader_path/Frameworks",
				);
				PRODUCT_BUNDLE_IDENTIFIER = com.tigerAndBull.AnimatedDemoTests;
				PRODUCT_NAME = "$(TARGET_NAME)";
				TARGETED_DEVICE_FAMILY = "1,2";
				TEST_HOST = "$(BUILT_PRODUCTS_DIR)/AnimatedDemo.app/AnimatedDemo";
			};
			name = Debug;
		};
		20A85C212152248E0005AD62 /* Release */ = {
			isa = XCBuildConfiguration;
			buildSettings = {
				BUNDLE_LOADER = "$(TEST_HOST)";
				CODE_SIGN_STYLE = Automatic;
				DEVELOPMENT_TEAM = Y8FL5FHNBB;
				INFOPLIST_FILE = AnimatedDemoTests/Info.plist;
				LD_RUNPATH_SEARCH_PATHS = (
					"$(inherited)",
					"@executable_path/Frameworks",
					"@loader_path/Frameworks",
				);
				PRODUCT_BUNDLE_IDENTIFIER = com.tigerAndBull.AnimatedDemoTests;
				PRODUCT_NAME = "$(TARGET_NAME)";
				TARGETED_DEVICE_FAMILY = "1,2";
				TEST_HOST = "$(BUILT_PRODUCTS_DIR)/AnimatedDemo.app/AnimatedDemo";
			};
			name = Release;
		};
		20A85C232152248E0005AD62 /* Debug */ = {
			isa = XCBuildConfiguration;
			buildSettings = {
				CODE_SIGN_STYLE = Automatic;
				DEVELOPMENT_TEAM = Y8FL5FHNBB;
				INFOPLIST_FILE = AnimatedDemoUITests/Info.plist;
				LD_RUNPATH_SEARCH_PATHS = (
					"$(inherited)",
					"@executable_path/Frameworks",
					"@loader_path/Frameworks",
				);
				PRODUCT_BUNDLE_IDENTIFIER = com.tigerAndBull.AnimatedDemoUITests;
				PRODUCT_NAME = "$(TARGET_NAME)";
				TARGETED_DEVICE_FAMILY = "1,2";
				TEST_TARGET_NAME = AnimatedDemo;
			};
			name = Debug;
		};
		20A85C242152248E0005AD62 /* Release */ = {
			isa = XCBuildConfiguration;
			buildSettings = {
				CODE_SIGN_STYLE = Automatic;
				DEVELOPMENT_TEAM = Y8FL5FHNBB;
				INFOPLIST_FILE = AnimatedDemoUITests/Info.plist;
				LD_RUNPATH_SEARCH_PATHS = (
					"$(inherited)",
					"@executable_path/Frameworks",
					"@loader_path/Frameworks",
				);
				PRODUCT_BUNDLE_IDENTIFIER = com.tigerAndBull.AnimatedDemoUITests;
				PRODUCT_NAME = "$(TARGET_NAME)";
				TARGETED_DEVICE_FAMILY = "1,2";
				TEST_TARGET_NAME = AnimatedDemo;
			};
			name = Release;
		};
/* End XCBuildConfiguration section */

/* Begin XCConfigurationList section */
		20A85BEB2152248D0005AD62 /* Build configuration list for PBXProject "AnimatedDemo" */ = {
			isa = XCConfigurationList;
			buildConfigurations = (
				20A85C1A2152248E0005AD62 /* Debug */,
				20A85C1B2152248E0005AD62 /* Release */,
			);
			defaultConfigurationIsVisible = 0;
			defaultConfigurationName = Release;
		};
		20A85C1C2152248E0005AD62 /* Build configuration list for PBXNativeTarget "AnimatedDemo" */ = {
			isa = XCConfigurationList;
			buildConfigurations = (
				20A85C1D2152248E0005AD62 /* Debug */,
				20A85C1E2152248E0005AD62 /* Release */,
			);
			defaultConfigurationIsVisible = 0;
			defaultConfigurationName = Release;
		};
		20A85C1F2152248E0005AD62 /* Build configuration list for PBXNativeTarget "AnimatedDemoTests" */ = {
			isa = XCConfigurationList;
			buildConfigurations = (
				20A85C202152248E0005AD62 /* Debug */,
				20A85C212152248E0005AD62 /* Release */,
			);
			defaultConfigurationIsVisible = 0;
			defaultConfigurationName = Release;
		};
		20A85C222152248E0005AD62 /* Build configuration list for PBXNativeTarget "AnimatedDemoUITests" */ = {
			isa = XCConfigurationList;
			buildConfigurations = (
				20A85C232152248E0005AD62 /* Debug */,
				20A85C242152248E0005AD62 /* Release */,
			);
			defaultConfigurationIsVisible = 0;
			defaultConfigurationName = Release;
		};
/* End XCConfigurationList section */
	};
	rootObject = 20A85BE82152248D0005AD62 /* Project object */;
}
