// !$*UTF8*$!
{
	archiveVersion = 1;
	classes = {
	};
	objectVersion = 50;
	objects = {

/* Begin PBXBuildFile section */
		2013CA9E222B0C0C00E928E1 /* TABKit.framework in Frameworks */ = {isa = PBXBuildFile; fileRef = 2013CA9D222B0C0C00E928E1 /* TABKit.framework */; };
		20187D7B217E20D800C20EC9 /* LabWithLinesViewCell.m in Sources */ = {isa = PBXBuildFile; fileRef = 20187D7A217E20D800C20EC9 /* LabWithLinesViewCell.m */; };
		20187D7E217E21BB00C20EC9 /* LabWithLinesViewController.m in Sources */ = {isa = PBXBuildFile; fileRef = 20187D7D217E21BB00C20EC9 /* LabWithLinesViewController.m */; };
		20238A6E21F05DFD00728142 /* UIView+TABControlAnimation.m in Sources */ = {isa = PBXBuildFile; fileRef = 20238A6D21F05DFD00728142 /* UIView+TABControlAnimation.m */; };
		202559DA21E0CFA300DC22EC /* TABAnimationMethod.m in Sources */ = {isa = PBXBuildFile; fileRef = 202559C721E0CFA200DC22EC /* TABAnimationMethod.m */; };
		202559DB21E0CFA300DC22EC /* UITableView+Animated.m in Sources */ = {isa = PBXBuildFile; fileRef = 202559C821E0CFA200DC22EC /* UITableView+Animated.m */; };
		202559DC21E0CFA300DC22EC /* UICollectionViewCell+TABLayoutSubviews.m in Sources */ = {isa = PBXBuildFile; fileRef = 202559C921E0CFA200DC22EC /* UICollectionViewCell+TABLayoutSubviews.m */; };
		202559DD21E0CFA300DC22EC /* TABViewAnimated.m in Sources */ = {isa = PBXBuildFile; fileRef = 202559CA21E0CFA200DC22EC /* TABViewAnimated.m */; };
		202559DE21E0CFA300DC22EC /* UITableViewCell+TABLayoutSubviews.m in Sources */ = {isa = PBXBuildFile; fileRef = 202559CB21E0CFA200DC22EC /* UITableViewCell+TABLayoutSubviews.m */; };
		202559DF21E0CFA300DC22EC /* UIView+Animated.m in Sources */ = {isa = PBXBuildFile; fileRef = 202559CD21E0CFA200DC22EC /* UIView+Animated.m */; };
		202559E021E0CFA300DC22EC /* UICollectionView+Animated.m in Sources */ = {isa = PBXBuildFile; fileRef = 202559CE21E0CFA200DC22EC /* UICollectionView+Animated.m */; };
		202559E121E0CFA300DC22EC /* TABManagerMethod+ManagerCALayer.m in Sources */ = {isa = PBXBuildFile; fileRef = 202559CF21E0CFA200DC22EC /* TABManagerMethod+ManagerCALayer.m */; };
		202559E221E0CFA300DC22EC /* UIView+TABLayoutSubviews.m in Sources */ = {isa = PBXBuildFile; fileRef = 202559D721E0CFA200DC22EC /* UIView+TABLayoutSubviews.m */; };
		202D40BE22297D92005CF7E3 /* CourseCollectionViewCell.m in Sources */ = {isa = PBXBuildFile; fileRef = 202D40BD22297D92005CF7E3 /* CourseCollectionViewCell.m */; };
		202E309D2232ABE2008A153F /* TemplateSecondCollectionViewCell.m in Sources */ = {isa = PBXBuildFile; fileRef = 202E309C2232ABE2008A153F /* TemplateSecondCollectionViewCell.m */; };
		202E30A22232B758008A153F /* TemplateCollectionViewController.m in Sources */ = {isa = PBXBuildFile; fileRef = 202E30A12232B758008A153F /* TemplateCollectionViewController.m */; };
		202E30A52232B768008A153F /* TemplateTableViewController.m in Sources */ = {isa = PBXBuildFile; fileRef = 202E30A42232B768008A153F /* TemplateTableViewController.m */; };
		202E30A82232C1BC008A153F /* OptionViewController.m in Sources */ = {isa = PBXBuildFile; fileRef = 202E30A72232C1BC008A153F /* OptionViewController.m */; };
		202E30AB2232C21D008A153F /* TemplateViewController.m in Sources */ = {isa = PBXBuildFile; fileRef = 202E30AA2232C21D008A153F /* TemplateViewController.m */; };
		2031BCDF221E997A004C23B7 /* TABManagerMethod.m in Sources */ = {isa = PBXBuildFile; fileRef = 2031BCDE221E997A004C23B7 /* TABManagerMethod.m */; };
		2039EF7221DA077200AE09FC /* NestCollectionViewController.m in Sources */ = {isa = PBXBuildFile; fileRef = 2039EF7121DA077200AE09FC /* NestCollectionViewController.m */; };
		2039EF7521DA07F200AE09FC /* NestCollectionViewCell.m in Sources */ = {isa = PBXBuildFile; fileRef = 2039EF7421DA07F200AE09FC /* NestCollectionViewCell.m */; };
		2039EF7821DA135900AE09FC /* BaseCollectionCell.m in Sources */ = {isa = PBXBuildFile; fileRef = 2039EF7621DA135900AE09FC /* BaseCollectionCell.m */; };
		2039EF7B21DA15C100AE09FC /* ImageCollectionViewCell.m in Sources */ = {isa = PBXBuildFile; fileRef = 2039EF7A21DA15C100AE09FC /* ImageCollectionViewCell.m */; };
		2039EF9921DA17A600AE09FC /* LICENSE in Resources */ = {isa = PBXBuildFile; fileRef = 2039EF7D21DA17A600AE09FC /* LICENSE */; };
		2039EF9A21DA17A600AE09FC /* NSLayoutConstraint+MASDebugAdditions.m in Sources */ = {isa = PBXBuildFile; fileRef = 2039EF8021DA17A600AE09FC /* NSLayoutConstraint+MASDebugAdditions.m */; };
		2039EF9B21DA17A600AE09FC /* ViewController+MASAdditions.m in Sources */ = {isa = PBXBuildFile; fileRef = 2039EF8921DA17A600AE09FC /* ViewController+MASAdditions.m */; };
		2039EF9C21DA17A600AE09FC /* MASCompositeConstraint.m in Sources */ = {isa = PBXBuildFile; fileRef = 2039EF8D21DA17A600AE09FC /* MASCompositeConstraint.m */; };
		2039EF9D21DA17A600AE09FC /* MASConstraintMaker.m in Sources */ = {isa = PBXBuildFile; fileRef = 2039EF8E21DA17A600AE09FC /* MASConstraintMaker.m */; };
		2039EF9E21DA17A600AE09FC /* MASLayoutConstraint.m in Sources */ = {isa = PBXBuildFile; fileRef = 2039EF8F21DA17A600AE09FC /* MASLayoutConstraint.m */; };
		2039EF9F21DA17A600AE09FC /* NSArray+MASAdditions.m in Sources */ = {isa = PBXBuildFile; fileRef = 2039EF9021DA17A600AE09FC /* NSArray+MASAdditions.m */; };
		2039EFA021DA17A600AE09FC /* View+MASAdditions.m in Sources */ = {isa = PBXBuildFile; fileRef = 2039EF9121DA17A600AE09FC /* View+MASAdditions.m */; };
		2039EFA121DA17A600AE09FC /* MASConstraint.m in Sources */ = {isa = PBXBuildFile; fileRef = 2039EF9421DA17A600AE09FC /* MASConstraint.m */; };
		2039EFA221DA17A600AE09FC /* MASViewConstraint.m in Sources */ = {isa = PBXBuildFile; fileRef = 2039EF9621DA17A600AE09FC /* MASViewConstraint.m */; };
		2039EFA321DA17A600AE09FC /* MASViewAttribute.m in Sources */ = {isa = PBXBuildFile; fileRef = 2039EF9721DA17A600AE09FC /* MASViewAttribute.m */; };
		2039EFA421DA17A600AE09FC /* README.md in Resources */ = {isa = PBXBuildFile; fileRef = 2039EF9821DA17A600AE09FC /* README.md */; };
		2083176221A04455000A0D95 /* PackageTableViewCell.m in Sources */ = {isa = PBXBuildFile; fileRef = 2083176121A04455000A0D95 /* PackageTableViewCell.m */; };
		2083176521A0451A000A0D95 /* ExampleOfPackageViewController.m in Sources */ = {isa = PBXBuildFile; fileRef = 2083176421A0451A000A0D95 /* ExampleOfPackageViewController.m */; };
		20878B02222E8B7400CF7472 /* TABBaseTableViewCell.m in Sources */ = {isa = PBXBuildFile; fileRef = 20878B01222E8B7400CF7472 /* TABBaseTableViewCell.m */; };
		20878B08222E95C000CF7472 /* TABAnimatedObject.m in Sources */ = {isa = PBXBuildFile; fileRef = 20878B07222E95C000CF7472 /* TABAnimatedObject.m */; };
		20878B16222EE38800CF7472 /* MyTestTableViewCell.m in Sources */ = {isa = PBXBuildFile; fileRef = 20878B14222EE38800CF7472 /* MyTestTableViewCell.m */; };
		20878B1F222EE44E00CF7472 /* TABBaseCollectionViewCell.m in Sources */ = {isa = PBXBuildFile; fileRef = 20878B1D222EE44E00CF7472 /* TABBaseCollectionViewCell.m */; };
		20A01591216A321E0082425D /* XIBTableViewCell.m in Sources */ = {isa = PBXBuildFile; fileRef = 20A0158F216A321E0082425D /* XIBTableViewCell.m */; };
		20A01592216A321E0082425D /* XIBTableViewCell.xib in Resources */ = {isa = PBXBuildFile; fileRef = 20A01590216A321E0082425D /* XIBTableViewCell.xib */; };
		20A01597216A51FC0082425D /* XibTestViewController.m in Sources */ = {isa = PBXBuildFile; fileRef = 20A01596216A51FC0082425D /* XibTestViewController.m */; };
		20A0159A216A538F0082425D /* MainViewController.m in Sources */ = {isa = PBXBuildFile; fileRef = 20A01599216A538F0082425D /* MainViewController.m */; };
		20A85BF52152248D0005AD62 /* AppDelegate.m in Sources */ = {isa = PBXBuildFile; fileRef = 20A85BF42152248D0005AD62 /* AppDelegate.m */; };
		20A85BFD2152248E0005AD62 /* Assets.xcassets in Resources */ = {isa = PBXBuildFile; fileRef = 20A85BFC2152248E0005AD62 /* Assets.xcassets */; };
		20A85C032152248E0005AD62 /* main.m in Sources */ = {isa = PBXBuildFile; fileRef = 20A85C022152248E0005AD62 /* main.m */; };
		20A85C38215224B10005AD62 /* Game.m in Sources */ = {isa = PBXBuildFile; fileRef = 20A85C26215224B10005AD62 /* Game.m */; };
		20A85C3D215224B10005AD62 /* TestViewController.m in Sources */ = {isa = PBXBuildFile; fileRef = 20A85C33215224B10005AD62 /* TestViewController.m */; };
		20A85C3E215224B10005AD62 /* TestTableViewCell.m in Sources */ = {isa = PBXBuildFile; fileRef = 20A85C36215224B10005AD62 /* TestTableViewCell.m */; };
		20BFBBA12153F3FF00136258 /* TestHeadView.m in Sources */ = {isa = PBXBuildFile; fileRef = 20BFBBA02153F3FF00136258 /* TestHeadView.m */; };
		20BFBBA32153FB5300136258 /* head.jpg in Resources */ = {isa = PBXBuildFile; fileRef = 20BFBBA22153FB5300136258 /* head.jpg */; };
		20BFBBA72154D3D800136258 /* test.jpg in Resources */ = {isa = PBXBuildFile; fileRef = 20BFBBA62154D3D800136258 /* test.jpg */; };
		20BFBFF42170D647001887A9 /* TestCollectionViewController.m in Sources */ = {isa = PBXBuildFile; fileRef = 20BFBFF32170D647001887A9 /* TestCollectionViewController.m */; };
		20BFBFFA2170D912001887A9 /* TestCollectionViewCell.m in Sources */ = {isa = PBXBuildFile; fileRef = 20BFBFF92170D912001887A9 /* TestCollectionViewCell.m */; };
		20E721B4223024CF00325450 /* TemplateCollectionViewCell.m in Sources */ = {isa = PBXBuildFile; fileRef = 20E721B3223024CF00325450 /* TemplateCollectionViewCell.m */; };
		20E72D7A2226E2D200E781C9 /* DailyCollectionViewCell.m in Sources */ = {isa = PBXBuildFile; fileRef = 20E72D782226E2D200E781C9 /* DailyCollectionViewCell.m */; };
		20E72D7D2226EEBB00E781C9 /* ViewExampleViewController.m in Sources */ = {isa = PBXBuildFile; fileRef = 20E72D7C2226EEBB00E781C9 /* ViewExampleViewController.m */; };
/* End PBXBuildFile section */

/* Begin PBXContainerItemProxy section */
		20A85C092152248E0005AD62 /* PBXContainerItemProxy */ = {
			isa = PBXContainerItemProxy;
			containerPortal = 20A85BE82152248D0005AD62 /* Project object */;
			proxyType = 1;
			remoteGlobalIDString = 20A85BEF2152248D0005AD62;
			remoteInfo = AnimatedDemo;
		};
		20A85C142152248E0005AD62 /* PBXContainerItemProxy */ = {
			isa = PBXContainerItemProxy;
			containerPortal = 20A85BE82152248D0005AD62 /* Project object */;
			proxyType = 1;
			remoteGlobalIDString = 20A85BEF2152248D0005AD62;
			remoteInfo = AnimatedDemo;
		};
/* End PBXContainerItemProxy section */

/* Begin PBXFileReference section */
		2013CA9D222B0C0C00E928E1 /* TABKit.framework */ = {isa = PBXFileReference; lastKnownFileType = wrapper.framework; path = TABKit.framework; sourceTree = "<group>"; };
		20187D79217E20D800C20EC9 /* LabWithLinesViewCell.h */ = {isa = PBXFileReference; lastKnownFileType = sourcecode.c.h; path = LabWithLinesViewCell.h; sourceTree = "<group>"; };
		20187D7A217E20D800C20EC9 /* LabWithLinesViewCell.m */ = {isa = PBXFileReference; lastKnownFileType = sourcecode.c.objc; path = LabWithLinesViewCell.m; sourceTree = "<group>"; };
		20187D7C217E21BB00C20EC9 /* LabWithLinesViewController.h */ = {isa = PBXFileReference; lastKnownFileType = sourcecode.c.h; path = LabWithLinesViewController.h; sourceTree = "<group>"; };
		20187D7D217E21BB00C20EC9 /* LabWithLinesViewController.m */ = {isa = PBXFileReference; lastKnownFileType = sourcecode.c.objc; path = LabWithLinesViewController.m; sourceTree = "<group>"; };
		20238A6C21F05DFD00728142 /* UIView+TABControlAnimation.h */ = {isa = PBXFileReference; lastKnownFileType = sourcecode.c.h; path = "UIView+TABControlAnimation.h"; sourceTree = "<group>"; };
		20238A6D21F05DFD00728142 /* UIView+TABControlAnimation.m */ = {isa = PBXFileReference; lastKnownFileType = sourcecode.c.objc; path = "UIView+TABControlAnimation.m"; sourceTree = "<group>"; };
		202559C721E0CFA200DC22EC /* TABAnimationMethod.m */ = {isa = PBXFileReference; fileEncoding = 4; lastKnownFileType = sourcecode.c.objc; path = TABAnimationMethod.m; sourceTree = "<group>"; };
		202559C821E0CFA200DC22EC /* UITableView+Animated.m */ = {isa = PBXFileReference; fileEncoding = 4; lastKnownFileType = sourcecode.c.objc; path = "UITableView+Animated.m"; sourceTree = "<group>"; };
		202559C921E0CFA200DC22EC /* UICollectionViewCell+TABLayoutSubviews.m */ = {isa = PBXFileReference; fileEncoding = 4; lastKnownFileType = sourcecode.c.objc; path = "UICollectionViewCell+TABLayoutSubviews.m"; sourceTree = "<group>"; };
		202559CA21E0CFA200DC22EC /* TABViewAnimated.m */ = {isa = PBXFileReference; fileEncoding = 4; lastKnownFileType = sourcecode.c.objc; path = TABViewAnimated.m; sourceTree = "<group>"; };
		202559CB21E0CFA200DC22EC /* UITableViewCell+TABLayoutSubviews.m */ = {isa = PBXFileReference; fileEncoding = 4; lastKnownFileType = sourcecode.c.objc; path = "UITableViewCell+TABLayoutSubviews.m"; sourceTree = "<group>"; };
		202559CC21E0CFA200DC22EC /* UIView+TABLayoutSubviews.h */ = {isa = PBXFileReference; fileEncoding = 4; lastKnownFileType = sourcecode.c.h; path = "UIView+TABLayoutSubviews.h"; sourceTree = "<group>"; };
		202559CD21E0CFA200DC22EC /* UIView+Animated.m */ = {isa = PBXFileReference; fileEncoding = 4; lastKnownFileType = sourcecode.c.objc; path = "UIView+Animated.m"; sourceTree = "<group>"; };
		202559CE21E0CFA200DC22EC /* UICollectionView+Animated.m */ = {isa = PBXFileReference; fileEncoding = 4; lastKnownFileType = sourcecode.c.objc; path = "UICollectionView+Animated.m"; sourceTree = "<group>"; };
		202559CF21E0CFA200DC22EC /* TABManagerMethod+ManagerCALayer.m */ = {isa = PBXFileReference; fileEncoding = 4; lastKnownFileType = sourcecode.c.objc; path = "TABManagerMethod+ManagerCALayer.m"; sourceTree = "<group>"; };
		202559D021E0CFA200DC22EC /* TABAnimationMethod.h */ = {isa = PBXFileReference; fileEncoding = 4; lastKnownFileType = sourcecode.c.h; path = TABAnimationMethod.h; sourceTree = "<group>"; };
		202559D121E0CFA200DC22EC /* UICollectionViewCell+TABLayoutSubviews.h */ = {isa = PBXFileReference; fileEncoding = 4; lastKnownFileType = sourcecode.c.h; path = "UICollectionViewCell+TABLayoutSubviews.h"; sourceTree = "<group>"; };
		202559D221E0CFA200DC22EC /* UITableView+Animated.h */ = {isa = PBXFileReference; fileEncoding = 4; lastKnownFileType = sourcecode.c.h; path = "UITableView+Animated.h"; sourceTree = "<group>"; };
		202559D321E0CFA200DC22EC /* TABAnimated.h */ = {isa = PBXFileReference; fileEncoding = 4; lastKnownFileType = sourcecode.c.h; path = TABAnimated.h; sourceTree = "<group>"; };
		202559D421E0CFA200DC22EC /* UIView+Animated.h */ = {isa = PBXFileReference; fileEncoding = 4; lastKnownFileType = sourcecode.c.h; path = "UIView+Animated.h"; sourceTree = "<group>"; };
		202559D521E0CFA200DC22EC /* TABViewAnimated.h */ = {isa = PBXFileReference; fileEncoding = 4; lastKnownFileType = sourcecode.c.h; path = TABViewAnimated.h; sourceTree = "<group>"; };
		202559D621E0CFA200DC22EC /* UITableViewCell+TABLayoutSubviews.h */ = {isa = PBXFileReference; fileEncoding = 4; lastKnownFileType = sourcecode.c.h; path = "UITableViewCell+TABLayoutSubviews.h"; sourceTree = "<group>"; };
		202559D721E0CFA200DC22EC /* UIView+TABLayoutSubviews.m */ = {isa = PBXFileReference; fileEncoding = 4; lastKnownFileType = sourcecode.c.objc; path = "UIView+TABLayoutSubviews.m"; sourceTree = "<group>"; };
		202559D821E0CFA300DC22EC /* TABManagerMethod+ManagerCALayer.h */ = {isa = PBXFileReference; fileEncoding = 4; lastKnownFileType = sourcecode.c.h; path = "TABManagerMethod+ManagerCALayer.h"; sourceTree = "<group>"; };
		202559D921E0CFA300DC22EC /* UICollectionView+Animated.h */ = {isa = PBXFileReference; fileEncoding = 4; lastKnownFileType = sourcecode.c.h; path = "UICollectionView+Animated.h"; sourceTree = "<group>"; };
		202D40BC22297D92005CF7E3 /* CourseCollectionViewCell.h */ = {isa = PBXFileReference; fileEncoding = 4; lastKnownFileType = sourcecode.c.h; path = CourseCollectionViewCell.h; sourceTree = "<group>"; };
		202D40BD22297D92005CF7E3 /* CourseCollectionViewCell.m */ = {isa = PBXFileReference; fileEncoding = 4; lastKnownFileType = sourcecode.c.objc; path = CourseCollectionViewCell.m; sourceTree = "<group>"; };
		202E309B2232ABE2008A153F /* TemplateSecondCollectionViewCell.h */ = {isa = PBXFileReference; lastKnownFileType = sourcecode.c.h; path = TemplateSecondCollectionViewCell.h; sourceTree = "<group>"; };
		202E309C2232ABE2008A153F /* TemplateSecondCollectionViewCell.m */ = {isa = PBXFileReference; lastKnownFileType = sourcecode.c.objc; path = TemplateSecondCollectionViewCell.m; sourceTree = "<group>"; };
		202E30A02232B758008A153F /* TemplateCollectionViewController.h */ = {isa = PBXFileReference; lastKnownFileType = sourcecode.c.h; path = TemplateCollectionViewController.h; sourceTree = "<group>"; };
		202E30A12232B758008A153F /* TemplateCollectionViewController.m */ = {isa = PBXFileReference; lastKnownFileType = sourcecode.c.objc; path = TemplateCollectionViewController.m; sourceTree = "<group>"; };
		202E30A32232B768008A153F /* TemplateTableViewController.h */ = {isa = PBXFileReference; lastKnownFileType = sourcecode.c.h; path = TemplateTableViewController.h; sourceTree = "<group>"; };
		202E30A42232B768008A153F /* TemplateTableViewController.m */ = {isa = PBXFileReference; lastKnownFileType = sourcecode.c.objc; path = TemplateTableViewController.m; sourceTree = "<group>"; };
		202E30A62232C1BC008A153F /* OptionViewController.h */ = {isa = PBXFileReference; lastKnownFileType = sourcecode.c.h; path = OptionViewController.h; sourceTree = "<group>"; };
		202E30A72232C1BC008A153F /* OptionViewController.m */ = {isa = PBXFileReference; lastKnownFileType = sourcecode.c.objc; path = OptionViewController.m; sourceTree = "<group>"; };
		202E30A92232C21D008A153F /* TemplateViewController.h */ = {isa = PBXFileReference; lastKnownFileType = sourcecode.c.h; path = TemplateViewController.h; sourceTree = "<group>"; };
		202E30AA2232C21D008A153F /* TemplateViewController.m */ = {isa = PBXFileReference; lastKnownFileType = sourcecode.c.objc; path = TemplateViewController.m; sourceTree = "<group>"; };
		2031BCDD221E997A004C23B7 /* TABManagerMethod.h */ = {isa = PBXFileReference; lastKnownFileType = sourcecode.c.h; path = TABManagerMethod.h; sourceTree = "<group>"; };
		2031BCDE221E997A004C23B7 /* TABManagerMethod.m */ = {isa = PBXFileReference; lastKnownFileType = sourcecode.c.objc; path = TABManagerMethod.m; sourceTree = "<group>"; };
		2039EF7021DA077200AE09FC /* NestCollectionViewController.h */ = {isa = PBXFileReference; lastKnownFileType = sourcecode.c.h; path = NestCollectionViewController.h; sourceTree = "<group>"; };
		2039EF7121DA077200AE09FC /* NestCollectionViewController.m */ = {isa = PBXFileReference; lastKnownFileType = sourcecode.c.objc; path = NestCollectionViewController.m; sourceTree = "<group>"; };
		2039EF7321DA07F200AE09FC /* NestCollectionViewCell.h */ = {isa = PBXFileReference; fileEncoding = 4; lastKnownFileType = sourcecode.c.h; path = NestCollectionViewCell.h; sourceTree = "<group>"; };
		2039EF7421DA07F200AE09FC /* NestCollectionViewCell.m */ = {isa = PBXFileReference; fileEncoding = 4; lastKnownFileType = sourcecode.c.objc; path = NestCollectionViewCell.m; sourceTree = "<group>"; };
		2039EF7621DA135900AE09FC /* BaseCollectionCell.m */ = {isa = PBXFileReference; fileEncoding = 4; lastKnownFileType = sourcecode.c.objc; path = BaseCollectionCell.m; sourceTree = "<group>"; };
		2039EF7721DA135900AE09FC /* BaseCollectionCell.h */ = {isa = PBXFileReference; fileEncoding = 4; lastKnownFileType = sourcecode.c.h; path = BaseCollectionCell.h; sourceTree = "<group>"; };
		2039EF7921DA15C100AE09FC /* ImageCollectionViewCell.h */ = {isa = PBXFileReference; fileEncoding = 4; lastKnownFileType = sourcecode.c.h; path = ImageCollectionViewCell.h; sourceTree = "<group>"; };
		2039EF7A21DA15C100AE09FC /* ImageCollectionViewCell.m */ = {isa = PBXFileReference; fileEncoding = 4; lastKnownFileType = sourcecode.c.objc; path = ImageCollectionViewCell.m; sourceTree = "<group>"; };
		2039EF7D21DA17A600AE09FC /* LICENSE */ = {isa = PBXFileReference; fileEncoding = 4; lastKnownFileType = text; path = LICENSE; sourceTree = "<group>"; };
		2039EF7F21DA17A600AE09FC /* MASCompositeConstraint.h */ = {isa = PBXFileReference; fileEncoding = 4; lastKnownFileType = sourcecode.c.h; path = MASCompositeConstraint.h; sourceTree = "<group>"; };
		2039EF8021DA17A600AE09FC /* NSLayoutConstraint+MASDebugAdditions.m */ = {isa = PBXFileReference; fileEncoding = 4; lastKnownFileType = sourcecode.c.objc; path = "NSLayoutConstraint+MASDebugAdditions.m"; sourceTree = "<group>"; };
		2039EF8121DA17A600AE09FC /* MASConstraint+Private.h */ = {isa = PBXFileReference; fileEncoding = 4; lastKnownFileType = sourcecode.c.h; path = "MASConstraint+Private.h"; sourceTree = "<group>"; };
		2039EF8221DA17A600AE09FC /* MASLayoutConstraint.h */ = {isa = PBXFileReference; fileEncoding = 4; lastKnownFileType = sourcecode.c.h; path = MASLayoutConstraint.h; sourceTree = "<group>"; };
		2039EF8321DA17A600AE09FC /* NSArray+MASShorthandAdditions.h */ = {isa = PBXFileReference; fileEncoding = 4; lastKnownFileType = sourcecode.c.h; path = "NSArray+MASShorthandAdditions.h"; sourceTree = "<group>"; };
		2039EF8421DA17A600AE09FC /* MASConstraintMaker.h */ = {isa = PBXFileReference; fileEncoding = 4; lastKnownFileType = sourcecode.c.h; path = MASConstraintMaker.h; sourceTree = "<group>"; };
		2039EF8521DA17A600AE09FC /* View+MASAdditions.h */ = {isa = PBXFileReference; fileEncoding = 4; lastKnownFileType = sourcecode.c.h; path = "View+MASAdditions.h"; sourceTree = "<group>"; };
		2039EF8621DA17A600AE09FC /* NSArray+MASAdditions.h */ = {isa = PBXFileReference; fileEncoding = 4; lastKnownFileType = sourcecode.c.h; path = "NSArray+MASAdditions.h"; sourceTree = "<group>"; };
		2039EF8721DA17A600AE09FC /* MASUtilities.h */ = {isa = PBXFileReference; fileEncoding = 4; lastKnownFileType = sourcecode.c.h; path = MASUtilities.h; sourceTree = "<group>"; };
		2039EF8821DA17A600AE09FC /* MASViewAttribute.h */ = {isa = PBXFileReference; fileEncoding = 4; lastKnownFileType = sourcecode.c.h; path = MASViewAttribute.h; sourceTree = "<group>"; };
		2039EF8921DA17A600AE09FC /* ViewController+MASAdditions.m */ = {isa = PBXFileReference; fileEncoding = 4; lastKnownFileType = sourcecode.c.objc; path = "ViewController+MASAdditions.m"; sourceTree = "<group>"; };
		2039EF8A21DA17A600AE09FC /* MASViewConstraint.h */ = {isa = PBXFileReference; fileEncoding = 4; lastKnownFileType = sourcecode.c.h; path = MASViewConstraint.h; sourceTree = "<group>"; };
		2039EF8B21DA17A600AE09FC /* MASConstraint.h */ = {isa = PBXFileReference; fileEncoding = 4; lastKnownFileType = sourcecode.c.h; path = MASConstraint.h; sourceTree = "<group>"; };
		2039EF8C21DA17A600AE09FC /* NSLayoutConstraint+MASDebugAdditions.h */ = {isa = PBXFileReference; fileEncoding = 4; lastKnownFileType = sourcecode.c.h; path = "NSLayoutConstraint+MASDebugAdditions.h"; sourceTree = "<group>"; };
		2039EF8D21DA17A600AE09FC /* MASCompositeConstraint.m */ = {isa = PBXFileReference; fileEncoding = 4; lastKnownFileType = sourcecode.c.objc; path = MASCompositeConstraint.m; sourceTree = "<group>"; };
		2039EF8E21DA17A600AE09FC /* MASConstraintMaker.m */ = {isa = PBXFileReference; fileEncoding = 4; lastKnownFileType = sourcecode.c.objc; path = MASConstraintMaker.m; sourceTree = "<group>"; };
		2039EF8F21DA17A600AE09FC /* MASLayoutConstraint.m */ = {isa = PBXFileReference; fileEncoding = 4; lastKnownFileType = sourcecode.c.objc; path = MASLayoutConstraint.m; sourceTree = "<group>"; };
		2039EF9021DA17A600AE09FC /* NSArray+MASAdditions.m */ = {isa = PBXFileReference; fileEncoding = 4; lastKnownFileType = sourcecode.c.objc; path = "NSArray+MASAdditions.m"; sourceTree = "<group>"; };
		2039EF9121DA17A600AE09FC /* View+MASAdditions.m */ = {isa = PBXFileReference; fileEncoding = 4; lastKnownFileType = sourcecode.c.objc; path = "View+MASAdditions.m"; sourceTree = "<group>"; };
		2039EF9221DA17A600AE09FC /* View+MASShorthandAdditions.h */ = {isa = PBXFileReference; fileEncoding = 4; lastKnownFileType = sourcecode.c.h; path = "View+MASShorthandAdditions.h"; sourceTree = "<group>"; };
		2039EF9321DA17A600AE09FC /* Masonry.h */ = {isa = PBXFileReference; fileEncoding = 4; lastKnownFileType = sourcecode.c.h; path = Masonry.h; sourceTree = "<group>"; };
		2039EF9421DA17A600AE09FC /* MASConstraint.m */ = {isa = PBXFileReference; fileEncoding = 4; lastKnownFileType = sourcecode.c.objc; path = MASConstraint.m; sourceTree = "<group>"; };
		2039EF9521DA17A600AE09FC /* ViewController+MASAdditions.h */ = {isa = PBXFileReference; fileEncoding = 4; lastKnownFileType = sourcecode.c.h; path = "ViewController+MASAdditions.h"; sourceTree = "<group>"; };
		2039EF9621DA17A600AE09FC /* MASViewConstraint.m */ = {isa = PBXFileReference; fileEncoding = 4; lastKnownFileType = sourcecode.c.objc; path = MASViewConstraint.m; sourceTree = "<group>"; };
		2039EF9721DA17A600AE09FC /* MASViewAttribute.m */ = {isa = PBXFileReference; fileEncoding = 4; lastKnownFileType = sourcecode.c.objc; path = MASViewAttribute.m; sourceTree = "<group>"; };
		2039EF9821DA17A600AE09FC /* README.md */ = {isa = PBXFileReference; fileEncoding = 4; lastKnownFileType = net.daringfireball.markdown; path = README.md; sourceTree = "<group>"; };
		2083176021A04455000A0D95 /* PackageTableViewCell.h */ = {isa = PBXFileReference; lastKnownFileType = sourcecode.c.h; path = PackageTableViewCell.h; sourceTree = "<group>"; };
		2083176121A04455000A0D95 /* PackageTableViewCell.m */ = {isa = PBXFileReference; lastKnownFileType = sourcecode.c.objc; path = PackageTableViewCell.m; sourceTree = "<group>"; };
		2083176321A0451A000A0D95 /* ExampleOfPackageViewController.h */ = {isa = PBXFileReference; lastKnownFileType = sourcecode.c.h; path = ExampleOfPackageViewController.h; sourceTree = "<group>"; };
		2083176421A0451A000A0D95 /* ExampleOfPackageViewController.m */ = {isa = PBXFileReference; lastKnownFileType = sourcecode.c.objc; path = ExampleOfPackageViewController.m; sourceTree = "<group>"; };
		20878B00222E8B7400CF7472 /* TABBaseTableViewCell.h */ = {isa = PBXFileReference; fileEncoding = 4; lastKnownFileType = sourcecode.c.h; path = TABBaseTableViewCell.h; sourceTree = "<group>"; };
		20878B01222E8B7400CF7472 /* TABBaseTableViewCell.m */ = {isa = PBXFileReference; fileEncoding = 4; lastKnownFileType = sourcecode.c.objc; path = TABBaseTableViewCell.m; sourceTree = "<group>"; };
		20878B06222E95C000CF7472 /* TABAnimatedObject.h */ = {isa = PBXFileReference; lastKnownFileType = sourcecode.c.h; path = TABAnimatedObject.h; sourceTree = "<group>"; };
		20878B07222E95C000CF7472 /* TABAnimatedObject.m */ = {isa = PBXFileReference; lastKnownFileType = sourcecode.c.objc; path = TABAnimatedObject.m; sourceTree = "<group>"; };
		20878B14222EE38800CF7472 /* MyTestTableViewCell.m */ = {isa = PBXFileReference; fileEncoding = 4; lastKnownFileType = sourcecode.c.objc; path = MyTestTableViewCell.m; sourceTree = "<group>"; };
		20878B15222EE38800CF7472 /* MyTestTableViewCell.h */ = {isa = PBXFileReference; fileEncoding = 4; lastKnownFileType = sourcecode.c.h; path = MyTestTableViewCell.h; sourceTree = "<group>"; };
		20878B1D222EE44E00CF7472 /* TABBaseCollectionViewCell.m */ = {isa = PBXFileReference; fileEncoding = 4; lastKnownFileType = sourcecode.c.objc; path = TABBaseCollectionViewCell.m; sourceTree = "<group>"; };
		20878B1E222EE44E00CF7472 /* TABBaseCollectionViewCell.h */ = {isa = PBXFileReference; fileEncoding = 4; lastKnownFileType = sourcecode.c.h; path = TABBaseCollectionViewCell.h; sourceTree = "<group>"; };
		20A0158E216A321E0082425D /* XIBTableViewCell.h */ = {isa = PBXFileReference; lastKnownFileType = sourcecode.c.h; path = XIBTableViewCell.h; sourceTree = "<group>"; };
		20A0158F216A321E0082425D /* XIBTableViewCell.m */ = {isa = PBXFileReference; lastKnownFileType = sourcecode.c.objc; path = XIBTableViewCell.m; sourceTree = "<group>"; };
		20A01590216A321E0082425D /* XIBTableViewCell.xib */ = {isa = PBXFileReference; lastKnownFileType = file.xib; path = XIBTableViewCell.xib; sourceTree = "<group>"; };
		20A01595216A51FC0082425D /* XibTestViewController.h */ = {isa = PBXFileReference; lastKnownFileType = sourcecode.c.h; path = XibTestViewController.h; sourceTree = "<group>"; };
		20A01596216A51FC0082425D /* XibTestViewController.m */ = {isa = PBXFileReference; lastKnownFileType = sourcecode.c.objc; path = XibTestViewController.m; sourceTree = "<group>"; };
		20A01598216A538F0082425D /* MainViewController.h */ = {isa = PBXFileReference; lastKnownFileType = sourcecode.c.h; path = MainViewController.h; sourceTree = "<group>"; };
		20A01599216A538F0082425D /* MainViewController.m */ = {isa = PBXFileReference; lastKnownFileType = sourcecode.c.objc; path = MainViewController.m; sourceTree = "<group>"; };
		20A85BF02152248D0005AD62 /* AnimatedDemo.app */ = {isa = PBXFileReference; explicitFileType = wrapper.application; includeInIndex = 0; path = AnimatedDemo.app; sourceTree = BUILT_PRODUCTS_DIR; };
		20A85BF32152248D0005AD62 /* AppDelegate.h */ = {isa = PBXFileReference; lastKnownFileType = sourcecode.c.h; path = AppDelegate.h; sourceTree = "<group>"; };
		20A85BF42152248D0005AD62 /* AppDelegate.m */ = {isa = PBXFileReference; lastKnownFileType = sourcecode.c.objc; path = AppDelegate.m; sourceTree = "<group>"; };
		20A85BFC2152248E0005AD62 /* Assets.xcassets */ = {isa = PBXFileReference; lastKnownFileType = folder.assetcatalog; path = Assets.xcassets; sourceTree = "<group>"; };
		20A85C012152248E0005AD62 /* Info.plist */ = {isa = PBXFileReference; lastKnownFileType = text.plist.xml; path = Info.plist; sourceTree = "<group>"; };
		20A85C022152248E0005AD62 /* main.m */ = {isa = PBXFileReference; lastKnownFileType = sourcecode.c.objc; path = main.m; sourceTree = "<group>"; };
		20A85C082152248E0005AD62 /* AnimatedDemoTests.xctest */ = {isa = PBXFileReference; explicitFileType = wrapper.cfbundle; includeInIndex = 0; path = AnimatedDemoTests.xctest; sourceTree = BUILT_PRODUCTS_DIR; };
		20A85C132152248E0005AD62 /* AnimatedDemoUITests.xctest */ = {isa = PBXFileReference; explicitFileType = wrapper.cfbundle; includeInIndex = 0; path = AnimatedDemoUITests.xctest; sourceTree = BUILT_PRODUCTS_DIR; };
		20A85C26215224B10005AD62 /* Game.m */ = {isa = PBXFileReference; fileEncoding = 4; lastKnownFileType = sourcecode.c.objc; path = Game.m; sourceTree = "<group>"; };
		20A85C27215224B10005AD62 /* Game.h */ = {isa = PBXFileReference; fileEncoding = 4; lastKnownFileType = sourcecode.c.h; path = Game.h; sourceTree = "<group>"; };
		20A85C33215224B10005AD62 /* TestViewController.m */ = {isa = PBXFileReference; fileEncoding = 4; lastKnownFileType = sourcecode.c.objc; path = TestViewController.m; sourceTree = "<group>"; };
		20A85C34215224B10005AD62 /* TestViewController.h */ = {isa = PBXFileReference; fileEncoding = 4; lastKnownFileType = sourcecode.c.h; path = TestViewController.h; sourceTree = "<group>"; };
		20A85C36215224B10005AD62 /* TestTableViewCell.m */ = {isa = PBXFileReference; fileEncoding = 4; lastKnownFileType = sourcecode.c.objc; path = TestTableViewCell.m; sourceTree = "<group>"; };
		20A85C37215224B10005AD62 /* TestTableViewCell.h */ = {isa = PBXFileReference; fileEncoding = 4; lastKnownFileType = sourcecode.c.h; path = TestTableViewCell.h; sourceTree = "<group>"; };
		20BFBB9F2153F3FF00136258 /* TestHeadView.h */ = {isa = PBXFileReference; lastKnownFileType = sourcecode.c.h; path = TestHeadView.h; sourceTree = "<group>"; };
		20BFBBA02153F3FF00136258 /* TestHeadView.m */ = {isa = PBXFileReference; lastKnownFileType = sourcecode.c.objc; path = TestHeadView.m; sourceTree = "<group>"; };
		20BFBBA22153FB5300136258 /* head.jpg */ = {isa = PBXFileReference; lastKnownFileType = image.jpeg; path = head.jpg; sourceTree = "<group>"; };
		20BFBBA62154D3D800136258 /* test.jpg */ = {isa = PBXFileReference; lastKnownFileType = image.jpeg; path = test.jpg; sourceTree = "<group>"; };
		20BFBFF22170D647001887A9 /* TestCollectionViewController.h */ = {isa = PBXFileReference; lastKnownFileType = sourcecode.c.h; path = TestCollectionViewController.h; sourceTree = "<group>"; };
		20BFBFF32170D647001887A9 /* TestCollectionViewController.m */ = {isa = PBXFileReference; lastKnownFileType = sourcecode.c.objc; path = TestCollectionViewController.m; sourceTree = "<group>"; };
		20BFBFF82170D912001887A9 /* TestCollectionViewCell.h */ = {isa = PBXFileReference; lastKnownFileType = sourcecode.c.h; path = TestCollectionViewCell.h; sourceTree = "<group>"; };
		20BFBFF92170D912001887A9 /* TestCollectionViewCell.m */ = {isa = PBXFileReference; lastKnownFileType = sourcecode.c.objc; path = TestCollectionViewCell.m; sourceTree = "<group>"; };
		20E721B2223024CF00325450 /* TemplateCollectionViewCell.h */ = {isa = PBXFileReference; lastKnownFileType = sourcecode.c.h; path = TemplateCollectionViewCell.h; sourceTree = "<group>"; };
		20E721B3223024CF00325450 /* TemplateCollectionViewCell.m */ = {isa = PBXFileReference; lastKnownFileType = sourcecode.c.objc; path = TemplateCollectionViewCell.m; sourceTree = "<group>"; };
		20E72D782226E2D200E781C9 /* DailyCollectionViewCell.m */ = {isa = PBXFileReference; fileEncoding = 4; lastKnownFileType = sourcecode.c.objc; path = DailyCollectionViewCell.m; sourceTree = "<group>"; };
		20E72D792226E2D200E781C9 /* DailyCollectionViewCell.h */ = {isa = PBXFileReference; fileEncoding = 4; lastKnownFileType = sourcecode.c.h; path = DailyCollectionViewCell.h; sourceTree = "<group>"; };
		20E72D7B2226EEBA00E781C9 /* ViewExampleViewController.h */ = {isa = PBXFileReference; fileEncoding = 4; lastKnownFileType = sourcecode.c.h; path = ViewExampleViewController.h; sourceTree = "<group>"; };
		20E72D7C2226EEBB00E781C9 /* ViewExampleViewController.m */ = {isa = PBXFileReference; fileEncoding = 4; lastKnownFileType = sourcecode.c.objc; path = ViewExampleViewController.m; sourceTree = "<group>"; };
/* End PBXFileReference section */

/* Begin PBXFrameworksBuildPhase section */
		20A85BED2152248D0005AD62 /* Frameworks */ = {
			isa = PBXFrameworksBuildPhase;
			buildActionMask = 2147483647;
			files = (
				2013CA9E222B0C0C00E928E1 /* TABKit.framework in Frameworks */,
			);
			runOnlyForDeploymentPostprocessing = 0;
		};
		20A85C052152248E0005AD62 /* Frameworks */ = {
			isa = PBXFrameworksBuildPhase;
			buildActionMask = 2147483647;
			files = (
			);
			runOnlyForDeploymentPostprocessing = 0;
		};
		20A85C102152248E0005AD62 /* Frameworks */ = {
			isa = PBXFrameworksBuildPhase;
			buildActionMask = 2147483647;
			files = (
			);
			runOnlyForDeploymentPostprocessing = 0;
		};
/* End PBXFrameworksBuildPhase section */

/* Begin PBXGroup section */
		202559C621E0CFA200DC22EC /* TABAnimated */ = {
			isa = PBXGroup;
			children = (
				202559D321E0CFA200DC22EC /* TABAnimated.h */,
				202559D521E0CFA200DC22EC /* TABViewAnimated.h */,
				202559CA21E0CFA200DC22EC /* TABViewAnimated.m */,
				202559D421E0CFA200DC22EC /* UIView+Animated.h */,
				202559CD21E0CFA200DC22EC /* UIView+Animated.m */,
				202559D221E0CFA200DC22EC /* UITableView+Animated.h */,
				202559C821E0CFA200DC22EC /* UITableView+Animated.m */,
				202559D921E0CFA300DC22EC /* UICollectionView+Animated.h */,
				202559CE21E0CFA200DC22EC /* UICollectionView+Animated.m */,
				202559CC21E0CFA200DC22EC /* UIView+TABLayoutSubviews.h */,
				202559D721E0CFA200DC22EC /* UIView+TABLayoutSubviews.m */,
				202559D621E0CFA200DC22EC /* UITableViewCell+TABLayoutSubviews.h */,
				202559CB21E0CFA200DC22EC /* UITableViewCell+TABLayoutSubviews.m */,
				202559D121E0CFA200DC22EC /* UICollectionViewCell+TABLayoutSubviews.h */,
				202559C921E0CFA200DC22EC /* UICollectionViewCell+TABLayoutSubviews.m */,
				20238A6C21F05DFD00728142 /* UIView+TABControlAnimation.h */,
				20238A6D21F05DFD00728142 /* UIView+TABControlAnimation.m */,
				2031BCDD221E997A004C23B7 /* TABManagerMethod.h */,
				2031BCDE221E997A004C23B7 /* TABManagerMethod.m */,
				202559D821E0CFA300DC22EC /* TABManagerMethod+ManagerCALayer.h */,
				202559CF21E0CFA200DC22EC /* TABManagerMethod+ManagerCALayer.m */,
				202559D021E0CFA200DC22EC /* TABAnimationMethod.h */,
				202559C721E0CFA200DC22EC /* TABAnimationMethod.m */,
				20878B06222E95C000CF7472 /* TABAnimatedObject.h */,
				20878B07222E95C000CF7472 /* TABAnimatedObject.m */,
				20878B1E222EE44E00CF7472 /* TABBaseCollectionViewCell.h */,
				20878B1D222EE44E00CF7472 /* TABBaseCollectionViewCell.m */,
				20878B00222E8B7400CF7472 /* TABBaseTableViewCell.h */,
				20878B01222E8B7400CF7472 /* TABBaseTableViewCell.m */,
			);
			path = TABAnimated;
			sourceTree = "<group>";
		};
		202E309E2232B37E008A153F /* TableViewCell */ = {
			isa = PBXGroup;
			children = (
				20878B15222EE38800CF7472 /* MyTestTableViewCell.h */,
				20878B14222EE38800CF7472 /* MyTestTableViewCell.m */,
			);
			path = TableViewCell;
			sourceTree = "<group>";
		};
		202E309F2232B37E008A153F /* CollectionViewCell */ = {
			isa = PBXGroup;
			children = (
				20E721B2223024CF00325450 /* TemplateCollectionViewCell.h */,
				20E721B3223024CF00325450 /* TemplateCollectionViewCell.m */,
				202E309B2232ABE2008A153F /* TemplateSecondCollectionViewCell.h */,
				202E309C2232ABE2008A153F /* TemplateSecondCollectionViewCell.m */,
			);
			path = CollectionViewCell;
			sourceTree = "<group>";
		};
		2039EF7C21DA17A600AE09FC /* Masonry */ = {
			isa = PBXGroup;
			children = (
				2039EF7D21DA17A600AE09FC /* LICENSE */,
				2039EF7E21DA17A600AE09FC /* Masonry */,
				2039EF9821DA17A600AE09FC /* README.md */,
			);
			path = Masonry;
			sourceTree = "<group>";
		};
		2039EF7E21DA17A600AE09FC /* Masonry */ = {
			isa = PBXGroup;
			children = (
				2039EF7F21DA17A600AE09FC /* MASCompositeConstraint.h */,
				2039EF8D21DA17A600AE09FC /* MASCompositeConstraint.m */,
				2039EF8B21DA17A600AE09FC /* MASConstraint.h */,
				2039EF9421DA17A600AE09FC /* MASConstraint.m */,
				2039EF8121DA17A600AE09FC /* MASConstraint+Private.h */,
				2039EF8421DA17A600AE09FC /* MASConstraintMaker.h */,
				2039EF8E21DA17A600AE09FC /* MASConstraintMaker.m */,
				2039EF8221DA17A600AE09FC /* MASLayoutConstraint.h */,
				2039EF8F21DA17A600AE09FC /* MASLayoutConstraint.m */,
				2039EF9321DA17A600AE09FC /* Masonry.h */,
				2039EF8721DA17A600AE09FC /* MASUtilities.h */,
				2039EF8821DA17A600AE09FC /* MASViewAttribute.h */,
				2039EF9721DA17A600AE09FC /* MASViewAttribute.m */,
				2039EF8A21DA17A600AE09FC /* MASViewConstraint.h */,
				2039EF9621DA17A600AE09FC /* MASViewConstraint.m */,
				2039EF8621DA17A600AE09FC /* NSArray+MASAdditions.h */,
				2039EF9021DA17A600AE09FC /* NSArray+MASAdditions.m */,
				2039EF8321DA17A600AE09FC /* NSArray+MASShorthandAdditions.h */,
				2039EF8C21DA17A600AE09FC /* NSLayoutConstraint+MASDebugAdditions.h */,
				2039EF8021DA17A600AE09FC /* NSLayoutConstraint+MASDebugAdditions.m */,
				2039EF8521DA17A600AE09FC /* View+MASAdditions.h */,
				2039EF9121DA17A600AE09FC /* View+MASAdditions.m */,
				2039EF9221DA17A600AE09FC /* View+MASShorthandAdditions.h */,
				2039EF9521DA17A600AE09FC /* ViewController+MASAdditions.h */,
				2039EF8921DA17A600AE09FC /* ViewController+MASAdditions.m */,
			);
			path = Masonry;
			sourceTree = "<group>";
		};
		20878B0D222EE35C00CF7472 /* TemplateExample */ = {
			isa = PBXGroup;
			children = (
				20878B12222EE38800CF7472 /* Controller */,
				20878B13222EE38800CF7472 /* View */,
			);
			path = TemplateExample;
			sourceTree = "<group>";
		};
		20878B10222EE35C00CF7472 /* MapExample */ = {
			isa = PBXGroup;
			children = (
				20878B17222EE3BF00CF7472 /* Code */,
				20878B1A222EE3BF00CF7472 /* Xib */,
			);
			path = MapExample;
			sourceTree = "<group>";
		};
		20878B12222EE38800CF7472 /* Controller */ = {
			isa = PBXGroup;
			children = (
				202E30A02232B758008A153F /* TemplateCollectionViewController.h */,
				202E30A12232B758008A153F /* TemplateCollectionViewController.m */,
				202E30A32232B768008A153F /* TemplateTableViewController.h */,
				202E30A42232B768008A153F /* TemplateTableViewController.m */,
			);
			path = Controller;
			sourceTree = "<group>";
		};
		20878B13222EE38800CF7472 /* View */ = {
			isa = PBXGroup;
			children = (
				202E309F2232B37E008A153F /* CollectionViewCell */,
				202E309E2232B37E008A153F /* TableViewCell */,
			);
			path = View;
			sourceTree = "<group>";
		};
		20878B17222EE3BF00CF7472 /* Code */ = {
			isa = PBXGroup;
			children = (
				20878B18222EE3BF00CF7472 /* Controller */,
				20878B19222EE3BF00CF7472 /* View */,
			);
			path = Code;
			sourceTree = "<group>";
		};
		20878B18222EE3BF00CF7472 /* Controller */ = {
			isa = PBXGroup;
			children = (
				20E72D7B2226EEBA00E781C9 /* ViewExampleViewController.h */,
				20E72D7C2226EEBB00E781C9 /* ViewExampleViewController.m */,
				20A85C34215224B10005AD62 /* TestViewController.h */,
				20A85C33215224B10005AD62 /* TestViewController.m */,
				20BFBFF22170D647001887A9 /* TestCollectionViewController.h */,
				20BFBFF32170D647001887A9 /* TestCollectionViewController.m */,
				20187D7C217E21BB00C20EC9 /* LabWithLinesViewController.h */,
				20187D7D217E21BB00C20EC9 /* LabWithLinesViewController.m */,
				2083176321A0451A000A0D95 /* ExampleOfPackageViewController.h */,
				2083176421A0451A000A0D95 /* ExampleOfPackageViewController.m */,
				2039EF7021DA077200AE09FC /* NestCollectionViewController.h */,
				2039EF7121DA077200AE09FC /* NestCollectionViewController.m */,
			);
			path = Controller;
			sourceTree = "<group>";
		};
		20878B19222EE3BF00CF7472 /* View */ = {
			isa = PBXGroup;
			children = (
				202D40BC22297D92005CF7E3 /* CourseCollectionViewCell.h */,
				202D40BD22297D92005CF7E3 /* CourseCollectionViewCell.m */,
				20E72D792226E2D200E781C9 /* DailyCollectionViewCell.h */,
				20E72D782226E2D200E781C9 /* DailyCollectionViewCell.m */,
				2039EF7921DA15C100AE09FC /* ImageCollectionViewCell.h */,
				2039EF7A21DA15C100AE09FC /* ImageCollectionViewCell.m */,
				2039EF7721DA135900AE09FC /* BaseCollectionCell.h */,
				2039EF7621DA135900AE09FC /* BaseCollectionCell.m */,
				2039EF7321DA07F200AE09FC /* NestCollectionViewCell.h */,
				2039EF7421DA07F200AE09FC /* NestCollectionViewCell.m */,
				20BFBB9F2153F3FF00136258 /* TestHeadView.h */,
				20BFBBA02153F3FF00136258 /* TestHeadView.m */,
				20A85C37215224B10005AD62 /* TestTableViewCell.h */,
				20A85C36215224B10005AD62 /* TestTableViewCell.m */,
				20BFBFF82170D912001887A9 /* TestCollectionViewCell.h */,
				20BFBFF92170D912001887A9 /* TestCollectionViewCell.m */,
				20187D79217E20D800C20EC9 /* LabWithLinesViewCell.h */,
				20187D7A217E20D800C20EC9 /* LabWithLinesViewCell.m */,
				2083176021A04455000A0D95 /* PackageTableViewCell.h */,
				2083176121A04455000A0D95 /* PackageTableViewCell.m */,
			);
			path = View;
			sourceTree = "<group>";
		};
		20878B1A222EE3BF00CF7472 /* Xib */ = {
			isa = PBXGroup;
			children = (
				20878B1B222EE3BF00CF7472 /* Controller */,
				20878B1C222EE3BF00CF7472 /* View */,
			);
			path = Xib;
			sourceTree = "<group>";
		};
		20878B1B222EE3BF00CF7472 /* Controller */ = {
			isa = PBXGroup;
			children = (
				20A01595216A51FC0082425D /* XibTestViewController.h */,
				20A01596216A51FC0082425D /* XibTestViewController.m */,
			);
			path = Controller;
			sourceTree = "<group>";
		};
		20878B1C222EE3BF00CF7472 /* View */ = {
			isa = PBXGroup;
			children = (
				20A0158E216A321E0082425D /* XIBTableViewCell.h */,
				20A0158F216A321E0082425D /* XIBTableViewCell.m */,
				20A01590216A321E0082425D /* XIBTableViewCell.xib */,
			);
			path = View;
			sourceTree = "<group>";
		};
		20A01594216A51A80082425D /* Sources */ = {
			isa = PBXGroup;
			children = (
				2013CA9D222B0C0C00E928E1 /* TABKit.framework */,
				20BFBBA22153FB5300136258 /* head.jpg */,
				20BFBBA62154D3D800136258 /* test.jpg */,
			);
			path = Sources;
			sourceTree = "<group>";
		};
		20A85BE72152248D0005AD62 = {
			isa = PBXGroup;
			children = (
				20A85BF22152248D0005AD62 /* AnimatedDemo */,
				20A85BF12152248D0005AD62 /* Products */,
			);
			sourceTree = "<group>";
		};
		20A85BF12152248D0005AD62 /* Products */ = {
			isa = PBXGroup;
			children = (
				20A85BF02152248D0005AD62 /* AnimatedDemo.app */,
				20A85C082152248E0005AD62 /* AnimatedDemoTests.xctest */,
				20A85C132152248E0005AD62 /* AnimatedDemoUITests.xctest */,
			);
			name = Products;
			sourceTree = "<group>";
		};
		20A85BF22152248D0005AD62 /* AnimatedDemo */ = {
			isa = PBXGroup;
			children = (
				2039EF7C21DA17A600AE09FC /* Masonry */,
				202559C621E0CFA200DC22EC /* TABAnimated */,
				20A01594216A51A80082425D /* Sources */,
				20A85C25215224B10005AD62 /* Model */,
				20A85C32215224B10005AD62 /* ViewController */,
				20A85BF32152248D0005AD62 /* AppDelegate.h */,
				20A85BF42152248D0005AD62 /* AppDelegate.m */,
				20A85BFC2152248E0005AD62 /* Assets.xcassets */,
				20A85C012152248E0005AD62 /* Info.plist */,
				20A85C022152248E0005AD62 /* main.m */,
			);
			path = AnimatedDemo;
			sourceTree = "<group>";
		};
		20A85C25215224B10005AD62 /* Model */ = {
			isa = PBXGroup;
			children = (
				20A85C27215224B10005AD62 /* Game.h */,
				20A85C26215224B10005AD62 /* Game.m */,
			);
			path = Model;
			sourceTree = "<group>";
		};
		20A85C32215224B10005AD62 /* ViewController */ = {
			isa = PBXGroup;
			children = (
				20878B10222EE35C00CF7472 /* MapExample */,
				20878B0D222EE35C00CF7472 /* TemplateExample */,
				202E30A62232C1BC008A153F /* OptionViewController.h */,
				202E30A72232C1BC008A153F /* OptionViewController.m */,
				20A01598216A538F0082425D /* MainViewController.h */,
				20A01599216A538F0082425D /* MainViewController.m */,
				202E30A92232C21D008A153F /* TemplateViewController.h */,
				202E30AA2232C21D008A153F /* TemplateViewController.m */,
			);
			path = ViewController;
			sourceTree = "<group>";
		};
/* End PBXGroup section */

/* Begin PBXNativeTarget section */
		20A85BEF2152248D0005AD62 /* AnimatedDemo */ = {
			isa = PBXNativeTarget;
			buildConfigurationList = 20A85C1C2152248E0005AD62 /* Build configuration list for PBXNativeTarget "AnimatedDemo" */;
			buildPhases = (
				20A85BEC2152248D0005AD62 /* Sources */,
				20A85BED2152248D0005AD62 /* Frameworks */,
				20A85BEE2152248D0005AD62 /* Resources */,
			);
			buildRules = (
			);
			dependencies = (
			);
			name = AnimatedDemo;
			productName = AnimatedDemo;
			productReference = 20A85BF02152248D0005AD62 /* AnimatedDemo.app */;
			productType = "com.apple.product-type.application";
		};
		20A85C072152248E0005AD62 /* AnimatedDemoTests */ = {
			isa = PBXNativeTarget;
			buildConfigurationList = 20A85C1F2152248E0005AD62 /* Build configuration list for PBXNativeTarget "AnimatedDemoTests" */;
			buildPhases = (
				20A85C042152248E0005AD62 /* Sources */,
				20A85C052152248E0005AD62 /* Frameworks */,
				20A85C062152248E0005AD62 /* Resources */,
			);
			buildRules = (
			);
			dependencies = (
				20A85C0A2152248E0005AD62 /* PBXTargetDependency */,
			);
			name = AnimatedDemoTests;
			productName = AnimatedDemoTests;
			productReference = 20A85C082152248E0005AD62 /* AnimatedDemoTests.xctest */;
			productType = "com.apple.product-type.bundle.unit-test";
		};
		20A85C122152248E0005AD62 /* AnimatedDemoUITests */ = {
			isa = PBXNativeTarget;
			buildConfigurationList = 20A85C222152248E0005AD62 /* Build configuration list for PBXNativeTarget "AnimatedDemoUITests" */;
			buildPhases = (
				20A85C0F2152248E0005AD62 /* Sources */,
				20A85C102152248E0005AD62 /* Frameworks */,
				20A85C112152248E0005AD62 /* Resources */,
			);
			buildRules = (
			);
			dependencies = (
				20A85C152152248E0005AD62 /* PBXTargetDependency */,
			);
			name = AnimatedDemoUITests;
			productName = AnimatedDemoUITests;
			productReference = 20A85C132152248E0005AD62 /* AnimatedDemoUITests.xctest */;
			productType = "com.apple.product-type.bundle.ui-testing";
		};
/* End PBXNativeTarget section */

/* Begin PBXProject section */
		20A85BE82152248D0005AD62 /* Project object */ = {
			isa = PBXProject;
			attributes = {
				LastUpgradeCheck = 1000;
				ORGANIZATIONNAME = tigerAndBull;
				TargetAttributes = {
					20A85BEF2152248D0005AD62 = {
						CreatedOnToolsVersion = 10.0;
					};
					20A85C072152248E0005AD62 = {
						CreatedOnToolsVersion = 10.0;
						TestTargetID = 20A85BEF2152248D0005AD62;
					};
					20A85C122152248E0005AD62 = {
						CreatedOnToolsVersion = 10.0;
						TestTargetID = 20A85BEF2152248D0005AD62;
					};
				};
			};
			buildConfigurationList = 20A85BEB2152248D0005AD62 /* Build configuration list for PBXProject "AnimatedDemo" */;
			compatibilityVersion = "Xcode 9.3";
			developmentRegion = en;
			hasScannedForEncodings = 0;
			knownRegions = (
				en,
				Base,
			);
			mainGroup = 20A85BE72152248D0005AD62;
			productRefGroup = 20A85BF12152248D0005AD62 /* Products */;
			projectDirPath = "";
			projectRoot = "";
			targets = (
				20A85BEF2152248D0005AD62 /* AnimatedDemo */,
				20A85C072152248E0005AD62 /* AnimatedDemoTests */,
				20A85C122152248E0005AD62 /* AnimatedDemoUITests */,
			);
		};
/* End PBXProject section */

/* Begin PBXResourcesBuildPhase section */
		20A85BEE2152248D0005AD62 /* Resources */ = {
			isa = PBXResourcesBuildPhase;
			buildActionMask = 2147483647;
			files = (
				2039EFA421DA17A600AE09FC /* README.md in Resources */,
				20BFBBA32153FB5300136258 /* head.jpg in Resources */,
				20BFBBA72154D3D800136258 /* test.jpg in Resources */,
				20A85BFD2152248E0005AD62 /* Assets.xcassets in Resources */,
				20A01592216A321E0082425D /* XIBTableViewCell.xib in Resources */,
				2039EF9921DA17A600AE09FC /* LICENSE in Resources */,
			);
			runOnlyForDeploymentPostprocessing = 0;
		};
		20A85C062152248E0005AD62 /* Resources */ = {
			isa = PBXResourcesBuildPhase;
			buildActionMask = 2147483647;
			files = (
			);
			runOnlyForDeploymentPostprocessing = 0;
		};
		20A85C112152248E0005AD62 /* Resources */ = {
			isa = PBXResourcesBuildPhase;
			buildActionMask = 2147483647;
			files = (
			);
			runOnlyForDeploymentPostprocessing = 0;
		};
/* End PBXResourcesBuildPhase section */

/* Begin PBXSourcesBuildPhase section */
		20A85BEC2152248D0005AD62 /* Sources */ = {
			isa = PBXSourcesBuildPhase;
			buildActionMask = 2147483647;
			files = (
				2039EF7221DA077200AE09FC /* NestCollectionViewController.m in Sources */,
				2039EF7B21DA15C100AE09FC /* ImageCollectionViewCell.m in Sources */,
				2039EF9F21DA17A600AE09FC /* NSArray+MASAdditions.m in Sources */,
				20A85C3E215224B10005AD62 /* TestTableViewCell.m in Sources */,
				2039EF9C21DA17A600AE09FC /* MASCompositeConstraint.m in Sources */,
				202E30AB2232C21D008A153F /* TemplateViewController.m in Sources */,
				20A0159A216A538F0082425D /* MainViewController.m in Sources */,
				20E72D7A2226E2D200E781C9 /* DailyCollectionViewCell.m in Sources */,
				2031BCDF221E997A004C23B7 /* TABManagerMethod.m in Sources */,
				2039EF7821DA135900AE09FC /* BaseCollectionCell.m in Sources */,
				202559DB21E0CFA300DC22EC /* UITableView+Animated.m in Sources */,
				20238A6E21F05DFD00728142 /* UIView+TABControlAnimation.m in Sources */,
				20A01591216A321E0082425D /* XIBTableViewCell.m in Sources */,
				202E309D2232ABE2008A153F /* TemplateSecondCollectionViewCell.m in Sources */,
				2083176521A0451A000A0D95 /* ExampleOfPackageViewController.m in Sources */,
				20878B1F222EE44E00CF7472 /* TABBaseCollectionViewCell.m in Sources */,
				2039EF9B21DA17A600AE09FC /* ViewController+MASAdditions.m in Sources */,
				202559E121E0CFA300DC22EC /* TABManagerMethod+ManagerCALayer.m in Sources */,
				20878B08222E95C000CF7472 /* TABAnimatedObject.m in Sources */,
				2083176221A04455000A0D95 /* PackageTableViewCell.m in Sources */,
				2039EF9A21DA17A600AE09FC /* NSLayoutConstraint+MASDebugAdditions.m in Sources */,
				20BFBBA12153F3FF00136258 /* TestHeadView.m in Sources */,
				202E30A82232C1BC008A153F /* OptionViewController.m in Sources */,
				20878B02222E8B7400CF7472 /* TABBaseTableViewCell.m in Sources */,
				202559DE21E0CFA300DC22EC /* UITableViewCell+TABLayoutSubviews.m in Sources */,
				202559DF21E0CFA300DC22EC /* UIView+Animated.m in Sources */,
				202E30A52232B768008A153F /* TemplateTableViewController.m in Sources */,
				202559DA21E0CFA300DC22EC /* TABAnimationMethod.m in Sources */,
				20A01597216A51FC0082425D /* XibTestViewController.m in Sources */,
				2039EFA321DA17A600AE09FC /* MASViewAttribute.m in Sources */,
				20187D7E217E21BB00C20EC9 /* LabWithLinesViewController.m in Sources */,
				20A85C032152248E0005AD62 /* main.m in Sources */,
				202559DD21E0CFA300DC22EC /* TABViewAnimated.m in Sources */,
				2039EFA121DA17A600AE09FC /* MASConstraint.m in Sources */,
				202559DC21E0CFA300DC22EC /* UICollectionViewCell+TABLayoutSubviews.m in Sources */,
				202D40BE22297D92005CF7E3 /* CourseCollectionViewCell.m in Sources */,
				2039EF9E21DA17A600AE09FC /* MASLayoutConstraint.m in Sources */,
				202E30A22232B758008A153F /* TemplateCollectionViewController.m in Sources */,
				202559E221E0CFA300DC22EC /* UIView+TABLayoutSubviews.m in Sources */,
				20878B16222EE38800CF7472 /* MyTestTableViewCell.m in Sources */,
				20A85C3D215224B10005AD62 /* TestViewController.m in Sources */,
				2039EFA021DA17A600AE09FC /* View+MASAdditions.m in Sources */,
				20187D7B217E20D800C20EC9 /* LabWithLinesViewCell.m in Sources */,
				2039EF9D21DA17A600AE09FC /* MASConstraintMaker.m in Sources */,
				20BFBFF42170D647001887A9 /* TestCollectionViewController.m in Sources */,
				20E72D7D2226EEBB00E781C9 /* ViewExampleViewController.m in Sources */,
				202559E021E0CFA300DC22EC /* UICollectionView+Animated.m in Sources */,
				20E721B4223024CF00325450 /* TemplateCollectionViewCell.m in Sources */,
				20A85BF52152248D0005AD62 /* AppDelegate.m in Sources */,
				2039EF7521DA07F200AE09FC /* NestCollectionViewCell.m in Sources */,
				2039EFA221DA17A600AE09FC /* MASViewConstraint.m in Sources */,
				20BFBFFA2170D912001887A9 /* TestCollectionViewCell.m in Sources */,
				20A85C38215224B10005AD62 /* Game.m in Sources */,
			);
			runOnlyForDeploymentPostprocessing = 0;
		};
		20A85C042152248E0005AD62 /* Sources */ = {
			isa = PBXSourcesBuildPhase;
			buildActionMask = 2147483647;
			files = (
			);
			runOnlyForDeploymentPostprocessing = 0;
		};
		20A85C0F2152248E0005AD62 /* Sources */ = {
			isa = PBXSourcesBuildPhase;
			buildActionMask = 2147483647;
			files = (
			);
			runOnlyForDeploymentPostprocessing = 0;
		};
/* End PBXSourcesBuildPhase section */

/* Begin PBXTargetDependency section */
		20A85C0A2152248E0005AD62 /* PBXTargetDependency */ = {
			isa = PBXTargetDependency;
			target = 20A85BEF2152248D0005AD62 /* AnimatedDemo */;
			targetProxy = 20A85C092152248E0005AD62 /* PBXContainerItemProxy */;
		};
		20A85C152152248E0005AD62 /* PBXTargetDependency */ = {
			isa = PBXTargetDependency;
			target = 20A85BEF2152248D0005AD62 /* AnimatedDemo */;
			targetProxy = 20A85C142152248E0005AD62 /* PBXContainerItemProxy */;
		};
/* End PBXTargetDependency section */

/* Begin XCBuildConfiguration section */
		20A85C1A2152248E0005AD62 /* Debug */ = {
			isa = XCBuildConfiguration;
			buildSettings = {
				ALWAYS_SEARCH_USER_PATHS = NO;
				CLANG_ANALYZER_NONNULL = YES;
				CLANG_ANALYZER_NUMBER_OBJECT_CONVERSION = YES_AGGRESSIVE;
				CLANG_CXX_LANGUAGE_STANDARD = "gnu++14";
				CLANG_CXX_LIBRARY = "libc++";
				CLANG_ENABLE_MODULES = YES;
				CLANG_ENABLE_OBJC_ARC = YES;
				CLANG_ENABLE_OBJC_WEAK = YES;
				CLANG_WARN_BLOCK_CAPTURE_AUTORELEASING = YES;
				CLANG_WARN_BOOL_CONVERSION = YES;
				CLANG_WARN_COMMA = YES;
				CLANG_WARN_CONSTANT_CONVERSION = YES;
				CLANG_WARN_DEPRECATED_OBJC_IMPLEMENTATIONS = YES;
				CLANG_WARN_DIRECT_OBJC_ISA_USAGE = YES_ERROR;
				CLANG_WARN_DOCUMENTATION_COMMENTS = YES;
				CLANG_WARN_EMPTY_BODY = YES;
				CLANG_WARN_ENUM_CONVERSION = YES;
				CLANG_WARN_INFINITE_RECURSION = YES;
				CLANG_WARN_INT_CONVERSION = YES;
				CLANG_WARN_NON_LITERAL_NULL_CONVERSION = YES;
				CLANG_WARN_OBJC_IMPLICIT_RETAIN_SELF = YES;
				CLANG_WARN_OBJC_LITERAL_CONVERSION = YES;
				CLANG_WARN_OBJC_ROOT_CLASS = YES_ERROR;
				CLANG_WARN_RANGE_LOOP_ANALYSIS = YES;
				CLANG_WARN_STRICT_PROTOTYPES = YES;
				CLANG_WARN_SUSPICIOUS_MOVE = YES;
				CLANG_WARN_UNGUARDED_AVAILABILITY = YES_AGGRESSIVE;
				CLANG_WARN_UNREACHABLE_CODE = YES;
				CLANG_WARN__DUPLICATE_METHOD_MATCH = YES;
				CODE_SIGN_IDENTITY = "iPhone Developer";
				COPY_PHASE_STRIP = NO;
				DEBUG_INFORMATION_FORMAT = dwarf;
				ENABLE_STRICT_OBJC_MSGSEND = YES;
				ENABLE_TESTABILITY = YES;
				GCC_C_LANGUAGE_STANDARD = gnu11;
				GCC_DYNAMIC_NO_PIC = NO;
				GCC_NO_COMMON_BLOCKS = YES;
				GCC_OPTIMIZATION_LEVEL = 0;
				GCC_PREPROCESSOR_DEFINITIONS = (
					"DEBUG=1",
					"$(inherited)",
				);
				GCC_WARN_64_TO_32_BIT_CONVERSION = YES;
				GCC_WARN_ABOUT_RETURN_TYPE = YES_ERROR;
				GCC_WARN_UNDECLARED_SELECTOR = YES;
				GCC_WARN_UNINITIALIZED_AUTOS = YES_AGGRESSIVE;
				GCC_WARN_UNUSED_FUNCTION = YES;
				GCC_WARN_UNUSED_VARIABLE = YES;
				IPHONEOS_DEPLOYMENT_TARGET = 8.0;
				MTL_ENABLE_DEBUG_INFO = INCLUDE_SOURCE;
				MTL_FAST_MATH = YES;
				ONLY_ACTIVE_ARCH = YES;
				SDKROOT = iphoneos;
			};
			name = Debug;
		};
		20A85C1B2152248E0005AD62 /* Release */ = {
			isa = XCBuildConfiguration;
			buildSettings = {
				ALWAYS_SEARCH_USER_PATHS = NO;
				CLANG_ANALYZER_NONNULL = YES;
				CLANG_ANALYZER_NUMBER_OBJECT_CONVERSION = YES_AGGRESSIVE;
				CLANG_CXX_LANGUAGE_STANDARD = "gnu++14";
				CLANG_CXX_LIBRARY = "libc++";
				CLANG_ENABLE_MODULES = YES;
				CLANG_ENABLE_OBJC_ARC = YES;
				CLANG_ENABLE_OBJC_WEAK = YES;
				CLANG_WARN_BLOCK_CAPTURE_AUTORELEASING = YES;
				CLANG_WARN_BOOL_CONVERSION = YES;
				CLANG_WARN_COMMA = YES;
				CLANG_WARN_CONSTANT_CONVERSION = YES;
				CLANG_WARN_DEPRECATED_OBJC_IMPLEMENTATIONS = YES;
				CLANG_WARN_DIRECT_OBJC_ISA_USAGE = YES_ERROR;
				CLANG_WARN_DOCUMENTATION_COMMENTS = YES;
				CLANG_WARN_EMPTY_BODY = YES;
				CLANG_WARN_ENUM_CONVERSION = YES;
				CLANG_WARN_INFINITE_RECURSION = YES;
				CLANG_WARN_INT_CONVERSION = YES;
				CLANG_WARN_NON_LITERAL_NULL_CONVERSION = YES;
				CLANG_WARN_OBJC_IMPLICIT_RETAIN_SELF = YES;
				CLANG_WARN_OBJC_LITERAL_CONVERSION = YES;
				CLANG_WARN_OBJC_ROOT_CLASS = YES_ERROR;
				CLANG_WARN_RANGE_LOOP_ANALYSIS = YES;
				CLANG_WARN_STRICT_PROTOTYPES = YES;
				CLANG_WARN_SUSPICIOUS_MOVE = YES;
				CLANG_WARN_UNGUARDED_AVAILABILITY = YES_AGGRESSIVE;
				CLANG_WARN_UNREACHABLE_CODE = YES;
				CLANG_WARN__DUPLICATE_METHOD_MATCH = YES;
				CODE_SIGN_IDENTITY = "iPhone Developer";
				COPY_PHASE_STRIP = NO;
				DEBUG_INFORMATION_FORMAT = "dwarf-with-dsym";
				ENABLE_NS_ASSERTIONS = NO;
				ENABLE_STRICT_OBJC_MSGSEND = YES;
				GCC_C_LANGUAGE_STANDARD = gnu11;
				GCC_NO_COMMON_BLOCKS = YES;
				GCC_WARN_64_TO_32_BIT_CONVERSION = YES;
				GCC_WARN_ABOUT_RETURN_TYPE = YES_ERROR;
				GCC_WARN_UNDECLARED_SELECTOR = YES;
				GCC_WARN_UNINITIALIZED_AUTOS = YES_AGGRESSIVE;
				GCC_WARN_UNUSED_FUNCTION = YES;
				GCC_WARN_UNUSED_VARIABLE = YES;
				IPHONEOS_DEPLOYMENT_TARGET = 8.0;
				MTL_ENABLE_DEBUG_INFO = NO;
				MTL_FAST_MATH = YES;
				SDKROOT = iphoneos;
				VALIDATE_PRODUCT = YES;
			};
			name = Release;
		};
		20A85C1D2152248E0005AD62 /* Debug */ = {
			isa = XCBuildConfiguration;
			buildSettings = {
				ASSETCATALOG_COMPILER_APPICON_NAME = AppIcon;
				CODE_SIGN_IDENTITY = "iPhone Developer";
				CODE_SIGN_STYLE = Automatic;
				DEVELOPMENT_TEAM = JGZKPAYJ7R;
				FRAMEWORK_SEARCH_PATHS = (
					"$(inherited)",
					"$(PROJECT_DIR)/AnimatedDemo",
					"$(PROJECT_DIR)/AnimatedDemo/Sources",
				);
				INFOPLIST_FILE = AnimatedDemo/Info.plist;
				IPHONEOS_DEPLOYMENT_TARGET = 9.0;
				LD_RUNPATH_SEARCH_PATHS = (
					"$(inherited)",
					"@executable_path/Frameworks",
				);
				PRODUCT_BUNDLE_IDENTIFIER = com.tigerAndBull.Animated;
				PRODUCT_NAME = "$(TARGET_NAME)";
				PROVISIONING_PROFILE_SPECIFIER = "";
				TARGETED_DEVICE_FAMILY = "1,2";
			};
			name = Debug;
		};
		20A85C1E2152248E0005AD62 /* Release */ = {
			isa = XCBuildConfiguration;
			buildSettings = {
				ASSETCATALOG_COMPILER_APPICON_NAME = AppIcon;
				CODE_SIGN_IDENTITY = "iPhone Developer";
				CODE_SIGN_STYLE = Automatic;
				DEVELOPMENT_TEAM = JGZKPAYJ7R;
				FRAMEWORK_SEARCH_PATHS = (
					"$(inherited)",
					"$(PROJECT_DIR)/AnimatedDemo",
					"$(PROJECT_DIR)/AnimatedDemo/Sources",
				);
				INFOPLIST_FILE = AnimatedDemo/Info.plist;
				IPHONEOS_DEPLOYMENT_TARGET = 9.0;
				LD_RUNPATH_SEARCH_PATHS = (
					"$(inherited)",
					"@executable_path/Frameworks",
				);
				PRODUCT_BUNDLE_IDENTIFIER = com.tigerAndBull.Animated;
				PRODUCT_NAME = "$(TARGET_NAME)";
				PROVISIONING_PROFILE_SPECIFIER = "";
				TARGETED_DEVICE_FAMILY = "1,2";
			};
			name = Release;
		};
		20A85C202152248E0005AD62 /* Debug */ = {
			isa = XCBuildConfiguration;
			buildSettings = {
				BUNDLE_LOADER = "$(TEST_HOST)";
				CODE_SIGN_STYLE = Automatic;
				DEVELOPMENT_TEAM = Y8FL5FHNBB;
				INFOPLIST_FILE = AnimatedDemoTests/Info.plist;
				LD_RUNPATH_SEARCH_PATHS = (
					"$(inherited)",
					"@executable_path/Frameworks",
					"@loader_path/Frameworks",
				);
				PRODUCT_BUNDLE_IDENTIFIER = com.tigerAndBull.AnimatedDemoTests;
				PRODUCT_NAME = "$(TARGET_NAME)";
				TARGETED_DEVICE_FAMILY = "1,2";
				TEST_HOST = "$(BUILT_PRODUCTS_DIR)/AnimatedDemo.app/AnimatedDemo";
			};
			name = Debug;
		};
		20A85C212152248E0005AD62 /* Release */ = {
			isa = XCBuildConfiguration;
			buildSettings = {
				BUNDLE_LOADER = "$(TEST_HOST)";
				CODE_SIGN_STYLE = Automatic;
				DEVELOPMENT_TEAM = Y8FL5FHNBB;
				INFOPLIST_FILE = AnimatedDemoTests/Info.plist;
				LD_RUNPATH_SEARCH_PATHS = (
					"$(inherited)",
					"@executable_path/Frameworks",
					"@loader_path/Frameworks",
				);
				PRODUCT_BUNDLE_IDENTIFIER = com.tigerAndBull.AnimatedDemoTests;
				PRODUCT_NAME = "$(TARGET_NAME)";
				TARGETED_DEVICE_FAMILY = "1,2";
				TEST_HOST = "$(BUILT_PRODUCTS_DIR)/AnimatedDemo.app/AnimatedDemo";
			};
			name = Release;
		};
		20A85C232152248E0005AD62 /* Debug */ = {
			isa = XCBuildConfiguration;
			buildSettings = {
				CODE_SIGN_STYLE = Automatic;
				DEVELOPMENT_TEAM = Y8FL5FHNBB;
				INFOPLIST_FILE = AnimatedDemoUITests/Info.plist;
				LD_RUNPATH_SEARCH_PATHS = (
					"$(inherited)",
					"@executable_path/Frameworks",
					"@loader_path/Frameworks",
				);
				PRODUCT_BUNDLE_IDENTIFIER = com.tigerAndBull.AnimatedDemoUITests;
				PRODUCT_NAME = "$(TARGET_NAME)";
				TARGETED_DEVICE_FAMILY = "1,2";
				TEST_TARGET_NAME = AnimatedDemo;
			};
			name = Debug;
		};
		20A85C242152248E0005AD62 /* Release */ = {
			isa = XCBuildConfiguration;
			buildSettings = {
				CODE_SIGN_STYLE = Automatic;
				DEVELOPMENT_TEAM = Y8FL5FHNBB;
				INFOPLIST_FILE = AnimatedDemoUITests/Info.plist;
				LD_RUNPATH_SEARCH_PATHS = (
					"$(inherited)",
					"@executable_path/Frameworks",
					"@loader_path/Frameworks",
				);
				PRODUCT_BUNDLE_IDENTIFIER = com.tigerAndBull.AnimatedDemoUITests;
				PRODUCT_NAME = "$(TARGET_NAME)";
				TARGETED_DEVICE_FAMILY = "1,2";
				TEST_TARGET_NAME = AnimatedDemo;
			};
			name = Release;
		};
/* End XCBuildConfiguration section */

/* Begin XCConfigurationList section */
		20A85BEB2152248D0005AD62 /* Build configuration list for PBXProject "AnimatedDemo" */ = {
			isa = XCConfigurationList;
			buildConfigurations = (
				20A85C1A2152248E0005AD62 /* Debug */,
				20A85C1B2152248E0005AD62 /* Release */,
			);
			defaultConfigurationIsVisible = 0;
			defaultConfigurationName = Release;
		};
		20A85C1C2152248E0005AD62 /* Build configuration list for PBXNativeTarget "AnimatedDemo" */ = {
			isa = XCConfigurationList;
			buildConfigurations = (
				20A85C1D2152248E0005AD62 /* Debug */,
				20A85C1E2152248E0005AD62 /* Release */,
			);
			defaultConfigurationIsVisible = 0;
			defaultConfigurationName = Release;
		};
		20A85C1F2152248E0005AD62 /* Build configuration list for PBXNativeTarget "AnimatedDemoTests" */ = {
			isa = XCConfigurationList;
			buildConfigurations = (
				20A85C202152248E0005AD62 /* Debug */,
				20A85C212152248E0005AD62 /* Release */,
			);
			defaultConfigurationIsVisible = 0;
			defaultConfigurationName = Release;
		};
		20A85C222152248E0005AD62 /* Build configuration list for PBXNativeTarget "AnimatedDemoUITests" */ = {
			isa = XCConfigurationList;
			buildConfigurations = (
				20A85C232152248E0005AD62 /* Debug */,
				20A85C242152248E0005AD62 /* Release */,
			);
			defaultConfigurationIsVisible = 0;
			defaultConfigurationName = Release;
		};
/* End XCConfigurationList section */
	};
	rootObject = 20A85BE82152248D0005AD62 /* Project object */;
}
